// !$*UTF8*$!
{
	archiveVersion = 1;
	classes = {
	};
	objectVersion = 51;
	objects = {

/* Begin PBXBuildFile section */
		62180EFEC23B8E9B074AA8D0 /* Pods_ChatUIDemo.framework in Frameworks */ = {isa = PBXBuildFile; fileRef = 410F589237EC20CB55301133 /* Pods_ChatUIDemo.framework */; };
		E05827F626574BF10045510E /* AppDelegate.swift in Sources */ = {isa = PBXBuildFile; fileRef = E05827F526574BF10045510E /* AppDelegate.swift */; };
		E05827FA26574BF10045510E /* ViewController.swift in Sources */ = {isa = PBXBuildFile; fileRef = E05827F926574BF10045510E /* ViewController.swift */; };
		E05827FD26574BF10045510E /* Main.storyboard in Resources */ = {isa = PBXBuildFile; fileRef = E05827FB26574BF10045510E /* Main.storyboard */; };
		E05827FF26574BF30045510E /* Assets.xcassets in Resources */ = {isa = PBXBuildFile; fileRef = E05827FE26574BF30045510E /* Assets.xcassets */; };
		E058280226574BF30045510E /* LaunchScreen.storyboard in Resources */ = {isa = PBXBuildFile; fileRef = E058280026574BF30045510E /* LaunchScreen.storyboard */; };
		E058280D26574BF40045510E /* ChatUIDemoTests.swift in Sources */ = {isa = PBXBuildFile; fileRef = E058280C26574BF40045510E /* ChatUIDemoTests.swift */; };
		E058281826574BF40045510E /* ChatUIDemoUITests.swift in Sources */ = {isa = PBXBuildFile; fileRef = E058281726574BF40045510E /* ChatUIDemoUITests.swift */; };
		E05828F92657529B0045510E /* Config.swift in Sources */ = {isa = PBXBuildFile; fileRef = E05828F82657529B0045510E /* Config.swift */; };
		FC756536268190030027EDA7 /* SignInViewController.swift in Sources */ = {isa = PBXBuildFile; fileRef = FC756535268190030027EDA7 /* SignInViewController.swift */; };
		FC7DF680269D3F1600C0B535 /* VoiceConverter.mm in Sources */ = {isa = PBXBuildFile; fileRef = FC7DF5E7269D3F1500C0B535 /* VoiceConverter.mm */; };
		FC7DF681269D3F1600C0B535 /* libopencore-amrwb.a in Frameworks */ = {isa = PBXBuildFile; fileRef = FC7DF5E9269D3F1500C0B535 /* libopencore-amrwb.a */; };
		FC7DF682269D3F1600C0B535 /* libopencore-amrnb.a in Frameworks */ = {isa = PBXBuildFile; fileRef = FC7DF5EA269D3F1500C0B535 /* libopencore-amrnb.a */; };
		FC7DF683269D3F1600C0B535 /* wav.mm in Sources */ = {isa = PBXBuildFile; fileRef = FC7DF5F0269D3F1500C0B535 /* wav.mm */; };
		FC7DF684269D3F1600C0B535 /* amrFileCodec.mm in Sources */ = {isa = PBXBuildFile; fileRef = FC7DF5F1269D3F1500C0B535 /* amrFileCodec.mm */; };
		FC7DF685269D3F1600C0B535 /* ChatShortVideoViewController.m in Sources */ = {isa = PBXBuildFile; fileRef = FC7DF5F7269D3F1600C0B535 /* ChatShortVideoViewController.m */; };
		FC7DF686269D3F1600C0B535 /* ChatShortAVPlayer.m in Sources */ = {isa = PBXBuildFile; fileRef = FC7DF5F8269D3F1600C0B535 /* ChatShortAVPlayer.m */; };
		FC7DF687269D3F1600C0B535 /* ChatTool.m in Sources */ = {isa = PBXBuildFile; fileRef = FC7DF5FF269D3F1600C0B535 /* ChatTool.m */; };
		FC7DF688269D3F1600C0B535 /* UIColor+ChatExtension.m in Sources */ = {isa = PBXBuildFile; fileRef = FC7DF600269D3F1600C0B535 /* UIColor+ChatExtension.m */; };
		FC7DF689269D3F1600C0B535 /* UIImageView+ChatExtension.m in Sources */ = {isa = PBXBuildFile; fileRef = FC7DF601269D3F1600C0B535 /* UIImageView+ChatExtension.m */; };
		FC7DF68A269D3F1600C0B535 /* UIView+ChatExtension.m in Sources */ = {isa = PBXBuildFile; fileRef = FC7DF603269D3F1600C0B535 /* UIView+ChatExtension.m */; };
		FC7DF68B269D3F1600C0B535 /* UIImage+ChatExtension.m in Sources */ = {isa = PBXBuildFile; fileRef = FC7DF604269D3F1600C0B535 /* UIImage+ChatExtension.m */; };
		FC7DF68C269D3F1600C0B535 /* NSString+ChatExtension.m in Sources */ = {isa = PBXBuildFile; fileRef = FC7DF605269D3F1600C0B535 /* NSString+ChatExtension.m */; };
		FC7DF68D269D3F1600C0B535 /* ChatMessageType.m in Sources */ = {isa = PBXBuildFile; fileRef = FC7DF60B269D3F1600C0B535 /* ChatMessageType.m */; };
		FC7DF68E269D3F1600C0B535 /* ChatMessage.m in Sources */ = {isa = PBXBuildFile; fileRef = FC7DF60C269D3F1600C0B535 /* ChatMessage.m */; };
		FC7DF68F269D3F1600C0B535 /* ChatMessageFrame.m in Sources */ = {isa = PBXBuildFile; fileRef = FC7DF60D269D3F1600C0B535 /* ChatMessageFrame.m */; };
		FC7DF690269D3F1600C0B535 /* ChatCardTableViewCell.m in Sources */ = {isa = PBXBuildFile; fileRef = FC7DF610269D3F1600C0B535 /* ChatCardTableViewCell.m */; };
		FC7DF691269D3F1600C0B535 /* ChatLocationTableViewCell.m in Sources */ = {isa = PBXBuildFile; fileRef = FC7DF613269D3F1600C0B535 /* ChatLocationTableViewCell.m */; };
		FC7DF692269D3F1600C0B535 /* ChatFileTableViewCell.m in Sources */ = {isa = PBXBuildFile; fileRef = FC7DF616269D3F1600C0B535 /* ChatFileTableViewCell.m */; };
		FC7DF693269D3F1600C0B535 /* ChatVideoTableViewCell.m in Sources */ = {isa = PBXBuildFile; fileRef = FC7DF617269D3F1600C0B535 /* ChatVideoTableViewCell.m */; };
		FC7DF694269D3F1600C0B535 /* ChatMessageTableViewCell.m in Sources */ = {isa = PBXBuildFile; fileRef = FC7DF618269D3F1600C0B535 /* ChatMessageTableViewCell.m */; };
		FC7DF695269D3F1600C0B535 /* ChatGifTableViewCell.m in Sources */ = {isa = PBXBuildFile; fileRef = FC7DF619269D3F1600C0B535 /* ChatGifTableViewCell.m */; };
		FC7DF696269D3F1600C0B535 /* ChatAudioTableViewCell.m in Sources */ = {isa = PBXBuildFile; fileRef = FC7DF61A269D3F1600C0B535 /* ChatAudioTableViewCell.m */; };
		FC7DF697269D3F1600C0B535 /* ChatTextTableViewCell.m in Sources */ = {isa = PBXBuildFile; fileRef = FC7DF61B269D3F1600C0B535 /* ChatTextTableViewCell.m */; };
		FC7DF698269D3F1600C0B535 /* ChatRedPaperTableViewCell.m in Sources */ = {isa = PBXBuildFile; fileRef = FC7DF61D269D3F1600C0B535 /* ChatRedPaperTableViewCell.m */; };
		FC7DF699269D3F1600C0B535 /* ChatNoteTableViewCell.m in Sources */ = {isa = PBXBuildFile; fileRef = FC7DF61F269D3F1600C0B535 /* ChatNoteTableViewCell.m */; };
		FC7DF69A269D3F1600C0B535 /* ChatImageTableViewCell.m in Sources */ = {isa = PBXBuildFile; fileRef = FC7DF620269D3F1600C0B535 /* ChatImageTableViewCell.m */; };
		FC7DF69B269D3F1600C0B535 /* ChatMessageLocationViewController.m in Sources */ = {isa = PBXBuildFile; fileRef = FC7DF629269D3F1600C0B535 /* ChatMessageLocationViewController.m */; };
		FC7DF69C269D3F1600C0B535 /* ChatLocation.m in Sources */ = {isa = PBXBuildFile; fileRef = FC7DF62C269D3F1600C0B535 /* ChatLocation.m */; };
		FC7DF69D269D3F1600C0B535 /* ChatMessageViewController.m in Sources */ = {isa = PBXBuildFile; fileRef = FC7DF62E269D3F1600C0B535 /* ChatMessageViewController.m */; };
		FC7DF69E269D3F1600C0B535 /* ChatMessageInputView.m in Sources */ = {isa = PBXBuildFile; fileRef = FC7DF630269D3F1600C0B535 /* ChatMessageInputView.m */; };
		FC7DF69F269D3F1600C0B535 /* ChatMessageVoiceHUD.m in Sources */ = {isa = PBXBuildFile; fileRef = FC7DF633269D3F1600C0B535 /* ChatMessageVoiceHUD.m */; };
		FC7DF6A0269D3F1600C0B535 /* ChatActivityIndicatorView.m in Sources */ = {isa = PBXBuildFile; fileRef = FC7DF637269D3F1600C0B535 /* ChatActivityIndicatorView.m */; };
		FC7DF6A1269D3F1600C0B535 /* MessageTextView.m in Sources */ = {isa = PBXBuildFile; fileRef = FC7DF639269D3F1600C0B535 /* MessageTextView.m */; };
		FC7DF6A2269D3F1600C0B535 /* ChatTextView.m in Sources */ = {isa = PBXBuildFile; fileRef = FC7DF63A269D3F1600C0B535 /* ChatTextView.m */; };
		FC7DF6A3269D3F1600C0B535 /* ChatMenuController.m in Sources */ = {isa = PBXBuildFile; fileRef = FC7DF63C269D3F1600C0B535 /* ChatMenuController.m */; };
		FC7DF6A4269D3F1600C0B535 /* ChatShareMenuView.m in Sources */ = {isa = PBXBuildFile; fileRef = FC7DF63F269D3F1600C0B535 /* ChatShareMenuView.m */; };
		FC7DF6A5269D3F1600C0B535 /* ChatShareMenuItem.m in Sources */ = {isa = PBXBuildFile; fileRef = FC7DF640269D3F1600C0B535 /* ChatShareMenuItem.m */; };
		FC7DF6A6269D3F1600C0B535 /* ChatMessageHelper.m in Sources */ = {isa = PBXBuildFile; fileRef = FC7DF645269D3F1600C0B535 /* ChatMessageHelper.m */; };
		FC7DF6A7269D3F1600C0B535 /* ChatAudioPlayerHelper.m in Sources */ = {isa = PBXBuildFile; fileRef = FC7DF649269D3F1600C0B535 /* ChatAudioPlayerHelper.m */; };
		FC7DF6A8269D3F1600C0B535 /* ChatAudioRecordHelper.m in Sources */ = {isa = PBXBuildFile; fileRef = FC7DF64A269D3F1600C0B535 /* ChatAudioRecordHelper.m */; };
		FC7DF6A9269D3F1600C0B535 /* ChatFileHelper.m in Sources */ = {isa = PBXBuildFile; fileRef = FC7DF64E269D3F1600C0B535 /* ChatFileHelper.m */; };
		FC7DF6AA269D3F1600C0B535 /* libmp3lame.a in Frameworks */ = {isa = PBXBuildFile; fileRef = FC7DF652269D3F1600C0B535 /* libmp3lame.a */; };
		FC7DF6AB269D3F1600C0B535 /* AudioWrapper.m in Sources */ = {isa = PBXBuildFile; fileRef = FC7DF654269D3F1600C0B535 /* AudioWrapper.m */; };
		FC7DF6AC269D3F1600C0B535 /* JsonUtil.swift in Sources */ = {isa = PBXBuildFile; fileRef = FC7DF656269D3F1600C0B535 /* JsonUtil.swift */; };
		FC7DF6AD269D3F1600C0B535 /* BaseTools.swift in Sources */ = {isa = PBXBuildFile; fileRef = FC7DF657269D3F1600C0B535 /* BaseTools.swift */; };
		FC7DF6AE269D3F1600C0B535 /* NetWorkManager.swift in Sources */ = {isa = PBXBuildFile; fileRef = FC7DF658269D3F1600C0B535 /* NetWorkManager.swift */; };
		FC7DF6AF269D3F1600C0B535 /* APIManager.swift in Sources */ = {isa = PBXBuildFile; fileRef = FC7DF659269D3F1600C0B535 /* APIManager.swift */; };
		FC7DF6B0269D3F1600C0B535 /* IMManager.swift in Sources */ = {isa = PBXBuildFile; fileRef = FC7DF65A269D3F1600C0B535 /* IMManager.swift */; };
		FC7DF6B1269D3F1600C0B535 /* BaseModel.swift in Sources */ = {isa = PBXBuildFile; fileRef = FC7DF65B269D3F1600C0B535 /* BaseModel.swift */; };
		FC7DF6B2269D3F1600C0B535 /* SDPhotoBrowser.m in Sources */ = {isa = PBXBuildFile; fileRef = FC7DF65E269D3F1600C0B535 /* SDPhotoBrowser.m */; };
		FC7DF6B3269D3F1600C0B535 /* SDWaitingView.m in Sources */ = {isa = PBXBuildFile; fileRef = FC7DF65F269D3F1600C0B535 /* SDWaitingView.m */; };
		FC7DF6B4269D3F1600C0B535 /* SDBrowserImageView.m in Sources */ = {isa = PBXBuildFile; fileRef = FC7DF660269D3F1600C0B535 /* SDBrowserImageView.m */; };
		FC7DF6B5269D3F1600C0B535 /* AlertWithInput.swift in Sources */ = {isa = PBXBuildFile; fileRef = FC7DF664269D3F1600C0B535 /* AlertWithInput.swift */; };
		FC7DF6B6269D3F1600C0B535 /* FMDatabaseQueue.m in Sources */ = {isa = PBXBuildFile; fileRef = FC7DF667269D3F1600C0B535 /* FMDatabaseQueue.m */; };
		FC7DF6B7269D3F1600C0B535 /* FMDatabaseAdditions.m in Sources */ = {isa = PBXBuildFile; fileRef = FC7DF66A269D3F1600C0B535 /* FMDatabaseAdditions.m */; };
		FC7DF6B8269D3F1600C0B535 /* FMDatabase.m in Sources */ = {isa = PBXBuildFile; fileRef = FC7DF66B269D3F1600C0B535 /* FMDatabase.m */; };
		FC7DF6B9269D3F1600C0B535 /* FMDatabasePool.m in Sources */ = {isa = PBXBuildFile; fileRef = FC7DF66F269D3F1600C0B535 /* FMDatabasePool.m */; };
		FC7DF6BA269D3F1600C0B535 /* FMResultSet.m in Sources */ = {isa = PBXBuildFile; fileRef = FC7DF670269D3F1600C0B535 /* FMResultSet.m */; };
		FC7DF6BB269D3F1600C0B535 /* MessageModel.swift in Sources */ = {isa = PBXBuildFile; fileRef = FC7DF672269D3F1600C0B535 /* MessageModel.swift */; };
		FC7DF6BC269D3F1600C0B535 /* ChatListModel.swift in Sources */ = {isa = PBXBuildFile; fileRef = FC7DF673269D3F1600C0B535 /* ChatListModel.swift */; };
		FC7DF6BD269D3F1600C0B535 /* IMCmdInfo.swift in Sources */ = {isa = PBXBuildFile; fileRef = FC7DF674269D3F1600C0B535 /* IMCmdInfo.swift */; };
		FC7DF6BE269D3F1600C0B535 /* SendMessageModel.swift in Sources */ = {isa = PBXBuildFile; fileRef = FC7DF675269D3F1600C0B535 /* SendMessageModel.swift */; };
		FC7DF6BF269D3F1600C0B535 /* ChatEmotionKeyboard.m in Sources */ = {isa = PBXBuildFile; fileRef = FC7DF677269D3F1600C0B535 /* ChatEmotionKeyboard.m */; };
		FC7DF6C0269D3F1600C0B535 /* ChatEmotionAttachment.m in Sources */ = {isa = PBXBuildFile; fileRef = FC7DF678269D3F1600C0B535 /* ChatEmotionAttachment.m */; };
		FC7DF6C1269D3F1600C0B535 /* ChatEmotionModel.m in Sources */ = {isa = PBXBuildFile; fileRef = FC7DF679269D3F1600C0B535 /* ChatEmotionModel.m */; };
		FC7DF6C2269D3F1600C0B535 /* PictureResources.bundle in Resources */ = {isa = PBXBuildFile; fileRef = FC7DF67A269D3F1600C0B535 /* PictureResources.bundle */; };
		FC7DF6C3269D3F1600C0B535 /* ChatEmotionTool.m in Sources */ = {isa = PBXBuildFile; fileRef = FC7DF67F269D3F1600C0B535 /* ChatEmotionTool.m */; };
		FC7DF6C5269D3F3A00C0B535 /* SocketChatViewController.swift in Sources */ = {isa = PBXBuildFile; fileRef = FC7DF6C4269D3F3A00C0B535 /* SocketChatViewController.swift */; };
		FCC172052689743700D5C126 /* UserListTableViewCell.swift in Sources */ = {isa = PBXBuildFile; fileRef = FCC172042689743700D5C126 /* UserListTableViewCell.swift */; };
/* End PBXBuildFile section */

/* Begin PBXContainerItemProxy section */
		E058280926574BF40045510E /* PBXContainerItemProxy */ = {
			isa = PBXContainerItemProxy;
			containerPortal = E05827EA26574BF10045510E /* Project object */;
			proxyType = 1;
			remoteGlobalIDString = E05827F126574BF10045510E;
			remoteInfo = ChatUIDemo;
		};
		E058281426574BF40045510E /* PBXContainerItemProxy */ = {
			isa = PBXContainerItemProxy;
			containerPortal = E05827EA26574BF10045510E /* Project object */;
			proxyType = 1;
			remoteGlobalIDString = E05827F126574BF10045510E;
			remoteInfo = ChatUIDemo;
		};
/* End PBXContainerItemProxy section */

/* Begin PBXFileReference section */
		29A9F409BFE0C5E234B7E3D1 /* Pods-ChatUIDemo.release.xcconfig */ = {isa = PBXFileReference; includeInIndex = 1; lastKnownFileType = text.xcconfig; name = "Pods-ChatUIDemo.release.xcconfig"; path = "Target Support Files/Pods-ChatUIDemo/Pods-ChatUIDemo.release.xcconfig"; sourceTree = "<group>"; };
		410F589237EC20CB55301133 /* Pods_ChatUIDemo.framework */ = {isa = PBXFileReference; explicitFileType = wrapper.framework; includeInIndex = 0; path = Pods_ChatUIDemo.framework; sourceTree = BUILT_PRODUCTS_DIR; };
		6E9A834F2751D1A90F3E1E34 /* Pods-ChatUIDemo.debug.xcconfig */ = {isa = PBXFileReference; includeInIndex = 1; lastKnownFileType = text.xcconfig; name = "Pods-ChatUIDemo.debug.xcconfig"; path = "Target Support Files/Pods-ChatUIDemo/Pods-ChatUIDemo.debug.xcconfig"; sourceTree = "<group>"; };
		E05827F226574BF10045510E /* ChatUIDemo.app */ = {isa = PBXFileReference; explicitFileType = wrapper.application; includeInIndex = 0; path = ChatUIDemo.app; sourceTree = BUILT_PRODUCTS_DIR; };
		E05827F526574BF10045510E /* AppDelegate.swift */ = {isa = PBXFileReference; lastKnownFileType = sourcecode.swift; path = AppDelegate.swift; sourceTree = "<group>"; };
		E05827F926574BF10045510E /* ViewController.swift */ = {isa = PBXFileReference; lastKnownFileType = sourcecode.swift; path = ViewController.swift; sourceTree = "<group>"; };
		E05827FC26574BF10045510E /* Base */ = {isa = PBXFileReference; lastKnownFileType = file.storyboard; name = Base; path = Base.lproj/Main.storyboard; sourceTree = "<group>"; };
		E05827FE26574BF30045510E /* Assets.xcassets */ = {isa = PBXFileReference; lastKnownFileType = folder.assetcatalog; path = Assets.xcassets; sourceTree = "<group>"; };
		E058280126574BF30045510E /* Base */ = {isa = PBXFileReference; lastKnownFileType = file.storyboard; name = Base; path = Base.lproj/LaunchScreen.storyboard; sourceTree = "<group>"; };
		E058280326574BF30045510E /* Info.plist */ = {isa = PBXFileReference; lastKnownFileType = text.plist.xml; path = Info.plist; sourceTree = "<group>"; };
		E058280826574BF40045510E /* ChatUIDemoTests.xctest */ = {isa = PBXFileReference; explicitFileType = wrapper.cfbundle; includeInIndex = 0; path = ChatUIDemoTests.xctest; sourceTree = BUILT_PRODUCTS_DIR; };
		E058280C26574BF40045510E /* ChatUIDemoTests.swift */ = {isa = PBXFileReference; lastKnownFileType = sourcecode.swift; path = ChatUIDemoTests.swift; sourceTree = "<group>"; };
		E058280E26574BF40045510E /* Info.plist */ = {isa = PBXFileReference; lastKnownFileType = text.plist.xml; path = Info.plist; sourceTree = "<group>"; };
		E058281326574BF40045510E /* ChatUIDemoUITests.xctest */ = {isa = PBXFileReference; explicitFileType = wrapper.cfbundle; includeInIndex = 0; path = ChatUIDemoUITests.xctest; sourceTree = BUILT_PRODUCTS_DIR; };
		E058281726574BF40045510E /* ChatUIDemoUITests.swift */ = {isa = PBXFileReference; lastKnownFileType = sourcecode.swift; path = ChatUIDemoUITests.swift; sourceTree = "<group>"; };
		E058281926574BF40045510E /* Info.plist */ = {isa = PBXFileReference; lastKnownFileType = text.plist.xml; path = Info.plist; sourceTree = "<group>"; };
		E05828EB26574EC50045510E /* SwiftChatUI-Bridging-Header.h */ = {isa = PBXFileReference; fileEncoding = 4; lastKnownFileType = sourcecode.c.h; path = "SwiftChatUI-Bridging-Header.h"; sourceTree = "<group>"; };
		E05828F82657529B0045510E /* Config.swift */ = {isa = PBXFileReference; fileEncoding = 4; lastKnownFileType = sourcecode.swift; path = Config.swift; sourceTree = "<group>"; };
		E0B9D80B266613A1007BCE88 /* Info.plist */ = {isa = PBXFileReference; lastKnownFileType = text.plist.xml; path = Info.plist; sourceTree = "<group>"; };
		E0B9D814266614C9007BCE88 /* logo.png */ = {isa = PBXFileReference; lastKnownFileType = image.png; path = logo.png; sourceTree = "<group>"; };
		E0B9D815266614C9007BCE88 /* 营销版.png */ = {isa = PBXFileReference; lastKnownFileType = image.png; path = "营销版.png"; sourceTree = "<group>"; };
		FC756535268190030027EDA7 /* SignInViewController.swift */ = {isa = PBXFileReference; fileEncoding = 4; lastKnownFileType = sourcecode.swift; path = SignInViewController.swift; sourceTree = "<group>"; };
		FC7DF5E5269D3F1500C0B535 /* if_rom.h */ = {isa = PBXFileReference; fileEncoding = 4; lastKnownFileType = sourcecode.c.h; path = if_rom.h; sourceTree = "<group>"; };
		FC7DF5E6269D3F1500C0B535 /* dec_if.h */ = {isa = PBXFileReference; fileEncoding = 4; lastKnownFileType = sourcecode.c.h; path = dec_if.h; sourceTree = "<group>"; };
		FC7DF5E7269D3F1500C0B535 /* VoiceConverter.mm */ = {isa = PBXFileReference; fileEncoding = 4; lastKnownFileType = sourcecode.cpp.objcpp; path = VoiceConverter.mm; sourceTree = "<group>"; };
		FC7DF5E9269D3F1500C0B535 /* libopencore-amrwb.a */ = {isa = PBXFileReference; lastKnownFileType = archive.ar; path = "libopencore-amrwb.a"; sourceTree = "<group>"; };
		FC7DF5EA269D3F1500C0B535 /* libopencore-amrnb.a */ = {isa = PBXFileReference; lastKnownFileType = archive.ar; path = "libopencore-amrnb.a"; sourceTree = "<group>"; };
		FC7DF5EB269D3F1500C0B535 /* VoiceConverter.h */ = {isa = PBXFileReference; fileEncoding = 4; lastKnownFileType = sourcecode.c.h; path = VoiceConverter.h; sourceTree = "<group>"; };
		FC7DF5ED269D3F1500C0B535 /* interf_dec.h */ = {isa = PBXFileReference; fileEncoding = 4; lastKnownFileType = sourcecode.c.h; path = interf_dec.h; sourceTree = "<group>"; };
		FC7DF5EE269D3F1500C0B535 /* interf_enc.h */ = {isa = PBXFileReference; fileEncoding = 4; lastKnownFileType = sourcecode.c.h; path = interf_enc.h; sourceTree = "<group>"; };
		FC7DF5F0269D3F1500C0B535 /* wav.mm */ = {isa = PBXFileReference; fileEncoding = 4; lastKnownFileType = sourcecode.cpp.objcpp; path = wav.mm; sourceTree = "<group>"; };
		FC7DF5F1269D3F1500C0B535 /* amrFileCodec.mm */ = {isa = PBXFileReference; fileEncoding = 4; lastKnownFileType = sourcecode.cpp.objcpp; path = amrFileCodec.mm; sourceTree = "<group>"; };
		FC7DF5F2269D3F1500C0B535 /* amrFileCodec.h */ = {isa = PBXFileReference; fileEncoding = 4; lastKnownFileType = sourcecode.c.h; path = amrFileCodec.h; sourceTree = "<group>"; };
		FC7DF5F3269D3F1500C0B535 /* wav.h */ = {isa = PBXFileReference; fileEncoding = 4; lastKnownFileType = sourcecode.c.h; path = wav.h; sourceTree = "<group>"; };
		FC7DF5F5269D3F1600C0B535 /* ChatShortVideoViewController.h */ = {isa = PBXFileReference; fileEncoding = 4; lastKnownFileType = sourcecode.c.h; path = ChatShortVideoViewController.h; sourceTree = "<group>"; };
		FC7DF5F6269D3F1600C0B535 /* ChatShortAVPlayer.h */ = {isa = PBXFileReference; fileEncoding = 4; lastKnownFileType = sourcecode.c.h; path = ChatShortAVPlayer.h; sourceTree = "<group>"; };
		FC7DF5F7269D3F1600C0B535 /* ChatShortVideoViewController.m */ = {isa = PBXFileReference; fileEncoding = 4; lastKnownFileType = sourcecode.c.objc; path = ChatShortVideoViewController.m; sourceTree = "<group>"; };
		FC7DF5F8269D3F1600C0B535 /* ChatShortAVPlayer.m */ = {isa = PBXFileReference; fileEncoding = 4; lastKnownFileType = sourcecode.c.objc; path = ChatShortAVPlayer.m; sourceTree = "<group>"; };
		FC7DF5FA269D3F1600C0B535 /* UIImageView+ChatExtension.h */ = {isa = PBXFileReference; fileEncoding = 4; lastKnownFileType = sourcecode.c.h; path = "UIImageView+ChatExtension.h"; sourceTree = "<group>"; };
		FC7DF5FB269D3F1600C0B535 /* UIColor+ChatExtension.h */ = {isa = PBXFileReference; fileEncoding = 4; lastKnownFileType = sourcecode.c.h; path = "UIColor+ChatExtension.h"; sourceTree = "<group>"; };
		FC7DF5FC269D3F1600C0B535 /* UIImage+ChatExtension.h */ = {isa = PBXFileReference; fileEncoding = 4; lastKnownFileType = sourcecode.c.h; path = "UIImage+ChatExtension.h"; sourceTree = "<group>"; };
		FC7DF5FD269D3F1600C0B535 /* NSString+ChatExtension.h */ = {isa = PBXFileReference; fileEncoding = 4; lastKnownFileType = sourcecode.c.h; path = "NSString+ChatExtension.h"; sourceTree = "<group>"; };
		FC7DF5FE269D3F1600C0B535 /* UIView+ChatExtension.h */ = {isa = PBXFileReference; fileEncoding = 4; lastKnownFileType = sourcecode.c.h; path = "UIView+ChatExtension.h"; sourceTree = "<group>"; };
		FC7DF5FF269D3F1600C0B535 /* ChatTool.m */ = {isa = PBXFileReference; fileEncoding = 4; lastKnownFileType = sourcecode.c.objc; path = ChatTool.m; sourceTree = "<group>"; };
		FC7DF600269D3F1600C0B535 /* UIColor+ChatExtension.m */ = {isa = PBXFileReference; fileEncoding = 4; lastKnownFileType = sourcecode.c.objc; path = "UIColor+ChatExtension.m"; sourceTree = "<group>"; };
		FC7DF601269D3F1600C0B535 /* UIImageView+ChatExtension.m */ = {isa = PBXFileReference; fileEncoding = 4; lastKnownFileType = sourcecode.c.objc; path = "UIImageView+ChatExtension.m"; sourceTree = "<group>"; };
		FC7DF602269D3F1600C0B535 /* ChatTool.h */ = {isa = PBXFileReference; fileEncoding = 4; lastKnownFileType = sourcecode.c.h; path = ChatTool.h; sourceTree = "<group>"; };
		FC7DF603269D3F1600C0B535 /* UIView+ChatExtension.m */ = {isa = PBXFileReference; fileEncoding = 4; lastKnownFileType = sourcecode.c.objc; path = "UIView+ChatExtension.m"; sourceTree = "<group>"; };
		FC7DF604269D3F1600C0B535 /* UIImage+ChatExtension.m */ = {isa = PBXFileReference; fileEncoding = 4; lastKnownFileType = sourcecode.c.objc; path = "UIImage+ChatExtension.m"; sourceTree = "<group>"; };
		FC7DF605269D3F1600C0B535 /* NSString+ChatExtension.m */ = {isa = PBXFileReference; fileEncoding = 4; lastKnownFileType = sourcecode.c.objc; path = "NSString+ChatExtension.m"; sourceTree = "<group>"; };
		FC7DF608269D3F1600C0B535 /* ChatMessage.h */ = {isa = PBXFileReference; fileEncoding = 4; lastKnownFileType = sourcecode.c.h; path = ChatMessage.h; sourceTree = "<group>"; };
		FC7DF609269D3F1600C0B535 /* ChatMessageType.h */ = {isa = PBXFileReference; fileEncoding = 4; lastKnownFileType = sourcecode.c.h; path = ChatMessageType.h; sourceTree = "<group>"; };
		FC7DF60A269D3F1600C0B535 /* ChatMessageFrame.h */ = {isa = PBXFileReference; fileEncoding = 4; lastKnownFileType = sourcecode.c.h; path = ChatMessageFrame.h; sourceTree = "<group>"; };
		FC7DF60B269D3F1600C0B535 /* ChatMessageType.m */ = {isa = PBXFileReference; fileEncoding = 4; lastKnownFileType = sourcecode.c.objc; path = ChatMessageType.m; sourceTree = "<group>"; };
		FC7DF60C269D3F1600C0B535 /* ChatMessage.m */ = {isa = PBXFileReference; fileEncoding = 4; lastKnownFileType = sourcecode.c.objc; path = ChatMessage.m; sourceTree = "<group>"; };
		FC7DF60D269D3F1600C0B535 /* ChatMessageFrame.m */ = {isa = PBXFileReference; fileEncoding = 4; lastKnownFileType = sourcecode.c.objc; path = ChatMessageFrame.m; sourceTree = "<group>"; };
		FC7DF60F269D3F1600C0B535 /* ChatRedPaperTableViewCell.h */ = {isa = PBXFileReference; fileEncoding = 4; lastKnownFileType = sourcecode.c.h; path = ChatRedPaperTableViewCell.h; sourceTree = "<group>"; };
		FC7DF610269D3F1600C0B535 /* ChatCardTableViewCell.m */ = {isa = PBXFileReference; fileEncoding = 4; lastKnownFileType = sourcecode.c.objc; path = ChatCardTableViewCell.m; sourceTree = "<group>"; };
		FC7DF611269D3F1600C0B535 /* ChatTextTableViewCell.h */ = {isa = PBXFileReference; fileEncoding = 4; lastKnownFileType = sourcecode.c.h; path = ChatTextTableViewCell.h; sourceTree = "<group>"; };
		FC7DF612269D3F1600C0B535 /* ChatAudioTableViewCell.h */ = {isa = PBXFileReference; fileEncoding = 4; lastKnownFileType = sourcecode.c.h; path = ChatAudioTableViewCell.h; sourceTree = "<group>"; };
		FC7DF613269D3F1600C0B535 /* ChatLocationTableViewCell.m */ = {isa = PBXFileReference; fileEncoding = 4; lastKnownFileType = sourcecode.c.objc; path = ChatLocationTableViewCell.m; sourceTree = "<group>"; };
		FC7DF614269D3F1600C0B535 /* ChatImageTableViewCell.h */ = {isa = PBXFileReference; fileEncoding = 4; lastKnownFileType = sourcecode.c.h; path = ChatImageTableViewCell.h; sourceTree = "<group>"; };
		FC7DF615269D3F1600C0B535 /* ChatNoteTableViewCell.h */ = {isa = PBXFileReference; fileEncoding = 4; lastKnownFileType = sourcecode.c.h; path = ChatNoteTableViewCell.h; sourceTree = "<group>"; };
		FC7DF616269D3F1600C0B535 /* ChatFileTableViewCell.m */ = {isa = PBXFileReference; fileEncoding = 4; lastKnownFileType = sourcecode.c.objc; path = ChatFileTableViewCell.m; sourceTree = "<group>"; };
		FC7DF617269D3F1600C0B535 /* ChatVideoTableViewCell.m */ = {isa = PBXFileReference; fileEncoding = 4; lastKnownFileType = sourcecode.c.objc; path = ChatVideoTableViewCell.m; sourceTree = "<group>"; };
		FC7DF618269D3F1600C0B535 /* ChatMessageTableViewCell.m */ = {isa = PBXFileReference; fileEncoding = 4; lastKnownFileType = sourcecode.c.objc; path = ChatMessageTableViewCell.m; sourceTree = "<group>"; };
		FC7DF619269D3F1600C0B535 /* ChatGifTableViewCell.m */ = {isa = PBXFileReference; fileEncoding = 4; lastKnownFileType = sourcecode.c.objc; path = ChatGifTableViewCell.m; sourceTree = "<group>"; };
		FC7DF61A269D3F1600C0B535 /* ChatAudioTableViewCell.m */ = {isa = PBXFileReference; fileEncoding = 4; lastKnownFileType = sourcecode.c.objc; path = ChatAudioTableViewCell.m; sourceTree = "<group>"; };
		FC7DF61B269D3F1600C0B535 /* ChatTextTableViewCell.m */ = {isa = PBXFileReference; fileEncoding = 4; lastKnownFileType = sourcecode.c.objc; path = ChatTextTableViewCell.m; sourceTree = "<group>"; };
		FC7DF61C269D3F1600C0B535 /* ChatCardTableViewCell.h */ = {isa = PBXFileReference; fileEncoding = 4; lastKnownFileType = sourcecode.c.h; path = ChatCardTableViewCell.h; sourceTree = "<group>"; };
		FC7DF61D269D3F1600C0B535 /* ChatRedPaperTableViewCell.m */ = {isa = PBXFileReference; fileEncoding = 4; lastKnownFileType = sourcecode.c.objc; path = ChatRedPaperTableViewCell.m; sourceTree = "<group>"; };
		FC7DF61E269D3F1600C0B535 /* ChatLocationTableViewCell.h */ = {isa = PBXFileReference; fileEncoding = 4; lastKnownFileType = sourcecode.c.h; path = ChatLocationTableViewCell.h; sourceTree = "<group>"; };
		FC7DF61F269D3F1600C0B535 /* ChatNoteTableViewCell.m */ = {isa = PBXFileReference; fileEncoding = 4; lastKnownFileType = sourcecode.c.objc; path = ChatNoteTableViewCell.m; sourceTree = "<group>"; };
		FC7DF620269D3F1600C0B535 /* ChatImageTableViewCell.m */ = {isa = PBXFileReference; fileEncoding = 4; lastKnownFileType = sourcecode.c.objc; path = ChatImageTableViewCell.m; sourceTree = "<group>"; };
		FC7DF621269D3F1600C0B535 /* ChatGifTableViewCell.h */ = {isa = PBXFileReference; fileEncoding = 4; lastKnownFileType = sourcecode.c.h; path = ChatGifTableViewCell.h; sourceTree = "<group>"; };
		FC7DF622269D3F1600C0B535 /* ChatMessageTableViewCell.h */ = {isa = PBXFileReference; fileEncoding = 4; lastKnownFileType = sourcecode.c.h; path = ChatMessageTableViewCell.h; sourceTree = "<group>"; };
		FC7DF623269D3F1600C0B535 /* ChatVideoTableViewCell.h */ = {isa = PBXFileReference; fileEncoding = 4; lastKnownFileType = sourcecode.c.h; path = ChatVideoTableViewCell.h; sourceTree = "<group>"; };
		FC7DF624269D3F1600C0B535 /* ChatFileTableViewCell.h */ = {isa = PBXFileReference; fileEncoding = 4; lastKnownFileType = sourcecode.c.h; path = ChatFileTableViewCell.h; sourceTree = "<group>"; };
		FC7DF625269D3F1600C0B535 /* ChatMessageHeader.h */ = {isa = PBXFileReference; fileEncoding = 4; lastKnownFileType = sourcecode.c.h; path = ChatMessageHeader.h; sourceTree = "<group>"; };
		FC7DF627269D3F1600C0B535 /* ChatMessageViewController.h */ = {isa = PBXFileReference; fileEncoding = 4; lastKnownFileType = sourcecode.c.h; path = ChatMessageViewController.h; sourceTree = "<group>"; };
		FC7DF629269D3F1600C0B535 /* ChatMessageLocationViewController.m */ = {isa = PBXFileReference; fileEncoding = 4; lastKnownFileType = sourcecode.c.objc; path = ChatMessageLocationViewController.m; sourceTree = "<group>"; };
		FC7DF62B269D3F1600C0B535 /* ChatLocation.h */ = {isa = PBXFileReference; fileEncoding = 4; lastKnownFileType = sourcecode.c.h; path = ChatLocation.h; sourceTree = "<group>"; };
		FC7DF62C269D3F1600C0B535 /* ChatLocation.m */ = {isa = PBXFileReference; fileEncoding = 4; lastKnownFileType = sourcecode.c.objc; path = ChatLocation.m; sourceTree = "<group>"; };
		FC7DF62D269D3F1600C0B535 /* ChatMessageLocationViewController.h */ = {isa = PBXFileReference; fileEncoding = 4; lastKnownFileType = sourcecode.c.h; path = ChatMessageLocationViewController.h; sourceTree = "<group>"; };
		FC7DF62E269D3F1600C0B535 /* ChatMessageViewController.m */ = {isa = PBXFileReference; fileEncoding = 4; lastKnownFileType = sourcecode.c.objc; path = ChatMessageViewController.m; sourceTree = "<group>"; };
		FC7DF630269D3F1600C0B535 /* ChatMessageInputView.m */ = {isa = PBXFileReference; fileEncoding = 4; lastKnownFileType = sourcecode.c.objc; path = ChatMessageInputView.m; sourceTree = "<group>"; };
		FC7DF631269D3F1600C0B535 /* ChatMenuController.h */ = {isa = PBXFileReference; fileEncoding = 4; lastKnownFileType = sourcecode.c.h; path = ChatMenuController.h; sourceTree = "<group>"; };
		FC7DF633269D3F1600C0B535 /* ChatMessageVoiceHUD.m */ = {isa = PBXFileReference; fileEncoding = 4; lastKnownFileType = sourcecode.c.objc; path = ChatMessageVoiceHUD.m; sourceTree = "<group>"; };
		FC7DF634269D3F1600C0B535 /* ChatMessageVoiceHUD.h */ = {isa = PBXFileReference; fileEncoding = 4; lastKnownFileType = sourcecode.c.h; path = ChatMessageVoiceHUD.h; sourceTree = "<group>"; };
		FC7DF636269D3F1600C0B535 /* MessageTextView.h */ = {isa = PBXFileReference; fileEncoding = 4; lastKnownFileType = sourcecode.c.h; path = MessageTextView.h; sourceTree = "<group>"; };
		FC7DF637269D3F1600C0B535 /* ChatActivityIndicatorView.m */ = {isa = PBXFileReference; fileEncoding = 4; lastKnownFileType = sourcecode.c.objc; path = ChatActivityIndicatorView.m; sourceTree = "<group>"; };
		FC7DF638269D3F1600C0B535 /* ChatTextView.h */ = {isa = PBXFileReference; fileEncoding = 4; lastKnownFileType = sourcecode.c.h; path = ChatTextView.h; sourceTree = "<group>"; };
		FC7DF639269D3F1600C0B535 /* MessageTextView.m */ = {isa = PBXFileReference; fileEncoding = 4; lastKnownFileType = sourcecode.c.objc; path = MessageTextView.m; sourceTree = "<group>"; };
		FC7DF63A269D3F1600C0B535 /* ChatTextView.m */ = {isa = PBXFileReference; fileEncoding = 4; lastKnownFileType = sourcecode.c.objc; path = ChatTextView.m; sourceTree = "<group>"; };
		FC7DF63B269D3F1600C0B535 /* ChatActivityIndicatorView.h */ = {isa = PBXFileReference; fileEncoding = 4; lastKnownFileType = sourcecode.c.h; path = ChatActivityIndicatorView.h; sourceTree = "<group>"; };
		FC7DF63C269D3F1600C0B535 /* ChatMenuController.m */ = {isa = PBXFileReference; fileEncoding = 4; lastKnownFileType = sourcecode.c.objc; path = ChatMenuController.m; sourceTree = "<group>"; };
		FC7DF63D269D3F1600C0B535 /* ChatMessageInputView.h */ = {isa = PBXFileReference; fileEncoding = 4; lastKnownFileType = sourcecode.c.h; path = ChatMessageInputView.h; sourceTree = "<group>"; };
		FC7DF63F269D3F1600C0B535 /* ChatShareMenuView.m */ = {isa = PBXFileReference; fileEncoding = 4; lastKnownFileType = sourcecode.c.objc; path = ChatShareMenuView.m; sourceTree = "<group>"; };
		FC7DF640269D3F1600C0B535 /* ChatShareMenuItem.m */ = {isa = PBXFileReference; fileEncoding = 4; lastKnownFileType = sourcecode.c.objc; path = ChatShareMenuItem.m; sourceTree = "<group>"; };
		FC7DF641269D3F1600C0B535 /* ChatShareMenuView.h */ = {isa = PBXFileReference; fileEncoding = 4; lastKnownFileType = sourcecode.c.h; path = ChatShareMenuView.h; sourceTree = "<group>"; };
		FC7DF642269D3F1600C0B535 /* ChatShareMenuItem.h */ = {isa = PBXFileReference; fileEncoding = 4; lastKnownFileType = sourcecode.c.h; path = ChatShareMenuItem.h; sourceTree = "<group>"; };
		FC7DF645269D3F1600C0B535 /* ChatMessageHelper.m */ = {isa = PBXFileReference; fileEncoding = 4; lastKnownFileType = sourcecode.c.objc; path = ChatMessageHelper.m; sourceTree = "<group>"; };
		FC7DF646269D3F1600C0B535 /* ChatMessageHelper.h */ = {isa = PBXFileReference; fileEncoding = 4; lastKnownFileType = sourcecode.c.h; path = ChatMessageHelper.h; sourceTree = "<group>"; };
		FC7DF648269D3F1600C0B535 /* ChatAudioRecordHelper.h */ = {isa = PBXFileReference; fileEncoding = 4; lastKnownFileType = sourcecode.c.h; path = ChatAudioRecordHelper.h; sourceTree = "<group>"; };
		FC7DF649269D3F1600C0B535 /* ChatAudioPlayerHelper.m */ = {isa = PBXFileReference; fileEncoding = 4; lastKnownFileType = sourcecode.c.objc; path = ChatAudioPlayerHelper.m; sourceTree = "<group>"; };
		FC7DF64A269D3F1600C0B535 /* ChatAudioRecordHelper.m */ = {isa = PBXFileReference; fileEncoding = 4; lastKnownFileType = sourcecode.c.objc; path = ChatAudioRecordHelper.m; sourceTree = "<group>"; };
		FC7DF64B269D3F1600C0B535 /* ChatAudioPlayerHelper.h */ = {isa = PBXFileReference; fileEncoding = 4; lastKnownFileType = sourcecode.c.h; path = ChatAudioPlayerHelper.h; sourceTree = "<group>"; };
		FC7DF64D269D3F1600C0B535 /* ChatFileHelper.h */ = {isa = PBXFileReference; fileEncoding = 4; lastKnownFileType = sourcecode.c.h; path = ChatFileHelper.h; sourceTree = "<group>"; };
		FC7DF64E269D3F1600C0B535 /* ChatFileHelper.m */ = {isa = PBXFileReference; fileEncoding = 4; lastKnownFileType = sourcecode.c.objc; path = ChatFileHelper.m; sourceTree = "<group>"; };
		FC7DF651269D3F1600C0B535 /* AudioWrapper.h */ = {isa = PBXFileReference; fileEncoding = 4; lastKnownFileType = sourcecode.c.h; path = AudioWrapper.h; sourceTree = "<group>"; };
		FC7DF652269D3F1600C0B535 /* libmp3lame.a */ = {isa = PBXFileReference; lastKnownFileType = archive.ar; path = libmp3lame.a; sourceTree = "<group>"; };
		FC7DF653269D3F1600C0B535 /* lame.h */ = {isa = PBXFileReference; fileEncoding = 4; lastKnownFileType = sourcecode.c.h; path = lame.h; sourceTree = "<group>"; };
		FC7DF654269D3F1600C0B535 /* AudioWrapper.m */ = {isa = PBXFileReference; fileEncoding = 4; lastKnownFileType = sourcecode.c.objc; path = AudioWrapper.m; sourceTree = "<group>"; };
		FC7DF656269D3F1600C0B535 /* JsonUtil.swift */ = {isa = PBXFileReference; fileEncoding = 4; lastKnownFileType = sourcecode.swift; path = JsonUtil.swift; sourceTree = "<group>"; };
		FC7DF657269D3F1600C0B535 /* BaseTools.swift */ = {isa = PBXFileReference; fileEncoding = 4; lastKnownFileType = sourcecode.swift; path = BaseTools.swift; sourceTree = "<group>"; };
		FC7DF658269D3F1600C0B535 /* NetWorkManager.swift */ = {isa = PBXFileReference; fileEncoding = 4; lastKnownFileType = sourcecode.swift; path = NetWorkManager.swift; sourceTree = "<group>"; };
		FC7DF659269D3F1600C0B535 /* APIManager.swift */ = {isa = PBXFileReference; fileEncoding = 4; lastKnownFileType = sourcecode.swift; path = APIManager.swift; sourceTree = "<group>"; };
		FC7DF65A269D3F1600C0B535 /* IMManager.swift */ = {isa = PBXFileReference; fileEncoding = 4; lastKnownFileType = sourcecode.swift; path = IMManager.swift; sourceTree = "<group>"; };
		FC7DF65B269D3F1600C0B535 /* BaseModel.swift */ = {isa = PBXFileReference; fileEncoding = 4; lastKnownFileType = sourcecode.swift; path = BaseModel.swift; sourceTree = "<group>"; };
		FC7DF65D269D3F1600C0B535 /* SDPhotoBrowserConfig.h */ = {isa = PBXFileReference; fileEncoding = 4; lastKnownFileType = sourcecode.c.h; path = SDPhotoBrowserConfig.h; sourceTree = "<group>"; };
		FC7DF65E269D3F1600C0B535 /* SDPhotoBrowser.m */ = {isa = PBXFileReference; fileEncoding = 4; lastKnownFileType = sourcecode.c.objc; path = SDPhotoBrowser.m; sourceTree = "<group>"; };
		FC7DF65F269D3F1600C0B535 /* SDWaitingView.m */ = {isa = PBXFileReference; fileEncoding = 4; lastKnownFileType = sourcecode.c.objc; path = SDWaitingView.m; sourceTree = "<group>"; };
		FC7DF660269D3F1600C0B535 /* SDBrowserImageView.m */ = {isa = PBXFileReference; fileEncoding = 4; lastKnownFileType = sourcecode.c.objc; path = SDBrowserImageView.m; sourceTree = "<group>"; };
		FC7DF661269D3F1600C0B535 /* SDWaitingView.h */ = {isa = PBXFileReference; fileEncoding = 4; lastKnownFileType = sourcecode.c.h; path = SDWaitingView.h; sourceTree = "<group>"; };
		FC7DF662269D3F1600C0B535 /* SDPhotoBrowser.h */ = {isa = PBXFileReference; fileEncoding = 4; lastKnownFileType = sourcecode.c.h; path = SDPhotoBrowser.h; sourceTree = "<group>"; };
		FC7DF663269D3F1600C0B535 /* SDBrowserImageView.h */ = {isa = PBXFileReference; fileEncoding = 4; lastKnownFileType = sourcecode.c.h; path = SDBrowserImageView.h; sourceTree = "<group>"; };
		FC7DF664269D3F1600C0B535 /* AlertWithInput.swift */ = {isa = PBXFileReference; fileEncoding = 4; lastKnownFileType = sourcecode.swift; path = AlertWithInput.swift; sourceTree = "<group>"; };
		FC7DF666269D3F1600C0B535 /* FMDatabase.h */ = {isa = PBXFileReference; fileEncoding = 4; lastKnownFileType = sourcecode.c.h; path = FMDatabase.h; sourceTree = "<group>"; };
		FC7DF667269D3F1600C0B535 /* FMDatabaseQueue.m */ = {isa = PBXFileReference; fileEncoding = 4; lastKnownFileType = sourcecode.c.objc; path = FMDatabaseQueue.m; sourceTree = "<group>"; };
		FC7DF668269D3F1600C0B535 /* FMResultSet.h */ = {isa = PBXFileReference; fileEncoding = 4; lastKnownFileType = sourcecode.c.h; path = FMResultSet.h; sourceTree = "<group>"; };
		FC7DF669269D3F1600C0B535 /* FMDatabasePool.h */ = {isa = PBXFileReference; fileEncoding = 4; lastKnownFileType = sourcecode.c.h; path = FMDatabasePool.h; sourceTree = "<group>"; };
		FC7DF66A269D3F1600C0B535 /* FMDatabaseAdditions.m */ = {isa = PBXFileReference; fileEncoding = 4; lastKnownFileType = sourcecode.c.objc; path = FMDatabaseAdditions.m; sourceTree = "<group>"; };
		FC7DF66B269D3F1600C0B535 /* FMDatabase.m */ = {isa = PBXFileReference; fileEncoding = 4; lastKnownFileType = sourcecode.c.objc; path = FMDatabase.m; sourceTree = "<group>"; };
		FC7DF66C269D3F1600C0B535 /* FMDatabaseQueue.h */ = {isa = PBXFileReference; fileEncoding = 4; lastKnownFileType = sourcecode.c.h; path = FMDatabaseQueue.h; sourceTree = "<group>"; };
		FC7DF66D269D3F1600C0B535 /* FMDB.h */ = {isa = PBXFileReference; fileEncoding = 4; lastKnownFileType = sourcecode.c.h; path = FMDB.h; sourceTree = "<group>"; };
		FC7DF66E269D3F1600C0B535 /* FMDatabaseAdditions.h */ = {isa = PBXFileReference; fileEncoding = 4; lastKnownFileType = sourcecode.c.h; path = FMDatabaseAdditions.h; sourceTree = "<group>"; };
		FC7DF66F269D3F1600C0B535 /* FMDatabasePool.m */ = {isa = PBXFileReference; fileEncoding = 4; lastKnownFileType = sourcecode.c.objc; path = FMDatabasePool.m; sourceTree = "<group>"; };
		FC7DF670269D3F1600C0B535 /* FMResultSet.m */ = {isa = PBXFileReference; fileEncoding = 4; lastKnownFileType = sourcecode.c.objc; path = FMResultSet.m; sourceTree = "<group>"; };
		FC7DF672269D3F1600C0B535 /* MessageModel.swift */ = {isa = PBXFileReference; fileEncoding = 4; lastKnownFileType = sourcecode.swift; path = MessageModel.swift; sourceTree = "<group>"; };
		FC7DF673269D3F1600C0B535 /* ChatListModel.swift */ = {isa = PBXFileReference; fileEncoding = 4; lastKnownFileType = sourcecode.swift; path = ChatListModel.swift; sourceTree = "<group>"; };
		FC7DF674269D3F1600C0B535 /* IMCmdInfo.swift */ = {isa = PBXFileReference; fileEncoding = 4; lastKnownFileType = sourcecode.swift; path = IMCmdInfo.swift; sourceTree = "<group>"; };
		FC7DF675269D3F1600C0B535 /* SendMessageModel.swift */ = {isa = PBXFileReference; fileEncoding = 4; lastKnownFileType = sourcecode.swift; path = SendMessageModel.swift; sourceTree = "<group>"; };
		FC7DF677269D3F1600C0B535 /* ChatEmotionKeyboard.m */ = {isa = PBXFileReference; fileEncoding = 4; lastKnownFileType = sourcecode.c.objc; path = ChatEmotionKeyboard.m; sourceTree = "<group>"; };
		FC7DF678269D3F1600C0B535 /* ChatEmotionAttachment.m */ = {isa = PBXFileReference; fileEncoding = 4; lastKnownFileType = sourcecode.c.objc; path = ChatEmotionAttachment.m; sourceTree = "<group>"; };
		FC7DF679269D3F1600C0B535 /* ChatEmotionModel.m */ = {isa = PBXFileReference; fileEncoding = 4; lastKnownFileType = sourcecode.c.objc; path = ChatEmotionModel.m; sourceTree = "<group>"; };
		FC7DF67A269D3F1600C0B535 /* PictureResources.bundle */ = {isa = PBXFileReference; lastKnownFileType = "wrapper.plug-in"; path = PictureResources.bundle; sourceTree = "<group>"; };
		FC7DF67B269D3F1600C0B535 /* ChatEmotionTool.h */ = {isa = PBXFileReference; fileEncoding = 4; lastKnownFileType = sourcecode.c.h; path = ChatEmotionTool.h; sourceTree = "<group>"; };
		FC7DF67C269D3F1600C0B535 /* ChatEmotionKeyboard.h */ = {isa = PBXFileReference; fileEncoding = 4; lastKnownFileType = sourcecode.c.h; path = ChatEmotionKeyboard.h; sourceTree = "<group>"; };
		FC7DF67D269D3F1600C0B535 /* ChatEmotionModel.h */ = {isa = PBXFileReference; fileEncoding = 4; lastKnownFileType = sourcecode.c.h; path = ChatEmotionModel.h; sourceTree = "<group>"; };
		FC7DF67E269D3F1600C0B535 /* ChatEmotionAttachment.h */ = {isa = PBXFileReference; fileEncoding = 4; lastKnownFileType = sourcecode.c.h; path = ChatEmotionAttachment.h; sourceTree = "<group>"; };
		FC7DF67F269D3F1600C0B535 /* ChatEmotionTool.m */ = {isa = PBXFileReference; fileEncoding = 4; lastKnownFileType = sourcecode.c.objc; path = ChatEmotionTool.m; sourceTree = "<group>"; };
		FC7DF6C4269D3F3A00C0B535 /* SocketChatViewController.swift */ = {isa = PBXFileReference; fileEncoding = 4; lastKnownFileType = sourcecode.swift; path = SocketChatViewController.swift; sourceTree = "<group>"; };
		FCC172042689743700D5C126 /* UserListTableViewCell.swift */ = {isa = PBXFileReference; lastKnownFileType = sourcecode.swift; path = UserListTableViewCell.swift; sourceTree = "<group>"; };
/* End PBXFileReference section */

/* Begin PBXFrameworksBuildPhase section */
		E05827EF26574BF10045510E /* Frameworks */ = {
			isa = PBXFrameworksBuildPhase;
			buildActionMask = 2147483647;
			files = (
				FC7DF681269D3F1600C0B535 /* libopencore-amrwb.a in Frameworks */,
				FC7DF6AA269D3F1600C0B535 /* libmp3lame.a in Frameworks */,
				FC7DF682269D3F1600C0B535 /* libopencore-amrnb.a in Frameworks */,
				62180EFEC23B8E9B074AA8D0 /* Pods_ChatUIDemo.framework in Frameworks */,
			);
			runOnlyForDeploymentPostprocessing = 0;
		};
		E058280526574BF40045510E /* Frameworks */ = {
			isa = PBXFrameworksBuildPhase;
			buildActionMask = 2147483647;
			files = (
			);
			runOnlyForDeploymentPostprocessing = 0;
		};
		E058281026574BF40045510E /* Frameworks */ = {
			isa = PBXFrameworksBuildPhase;
			buildActionMask = 2147483647;
			files = (
			);
			runOnlyForDeploymentPostprocessing = 0;
		};
/* End PBXFrameworksBuildPhase section */

/* Begin PBXGroup section */
		19EBEDA56D5AA984E03213FA /* Frameworks */ = {
			isa = PBXGroup;
			children = (
				410F589237EC20CB55301133 /* Pods_ChatUIDemo.framework */,
			);
			name = Frameworks;
			sourceTree = "<group>";
		};
		1F75467ABE9DA6BE73FA0A9D /* Pods */ = {
			isa = PBXGroup;
			children = (
				6E9A834F2751D1A90F3E1E34 /* Pods-ChatUIDemo.debug.xcconfig */,
				29A9F409BFE0C5E234B7E3D1 /* Pods-ChatUIDemo.release.xcconfig */,
			);
			path = Pods;
			sourceTree = "<group>";
		};
		E05827E926574BF10045510E = {
			isa = PBXGroup;
			children = (
				E05827F426574BF10045510E /* ChatUIDemo */,
				E058280B26574BF40045510E /* ChatUIDemoTests */,
				E058281626574BF40045510E /* ChatUIDemoUITests */,
				E0B9D80A266613A1007BCE88 /* TestImage */,
				E05827F326574BF10045510E /* Products */,
				1F75467ABE9DA6BE73FA0A9D /* Pods */,
				19EBEDA56D5AA984E03213FA /* Frameworks */,
			);
			sourceTree = "<group>";
		};
		E05827F326574BF10045510E /* Products */ = {
			isa = PBXGroup;
			children = (
				E05827F226574BF10045510E /* ChatUIDemo.app */,
				E058280826574BF40045510E /* ChatUIDemoTests.xctest */,
				E058281326574BF40045510E /* ChatUIDemoUITests.xctest */,
			);
			name = Products;
			sourceTree = "<group>";
		};
		E05827F426574BF10045510E /* ChatUIDemo */ = {
			isa = PBXGroup;
			children = (
				E05827F526574BF10045510E /* AppDelegate.swift */,
				FC756535268190030027EDA7 /* SignInViewController.swift */,
				E05827F926574BF10045510E /* ViewController.swift */,
				FCC172042689743700D5C126 /* UserListTableViewCell.swift */,
				FC7DF6C4269D3F3A00C0B535 /* SocketChatViewController.swift */,
				FC7DF676269D3F1600C0B535 /* ChatEmotionKeyboard */,
				FC7DF5F9269D3F1600C0B535 /* ChatExtension */,
				FC7DF671269D3F1600C0B535 /* ChatModel */,
				FC7DF5F4269D3F1600C0B535 /* ChatShortVideo */,
				FC7DF606269D3F1600C0B535 /* ChatUI */,
				FC7DF64F269D3F1600C0B535 /* Tools */,
				FC7DF5E3269D3F1500C0B535 /* VoiceConvert */,
				E05828EB26574EC50045510E /* SwiftChatUI-Bridging-Header.h */,
				E05828F82657529B0045510E /* Config.swift */,
				E05827FB26574BF10045510E /* Main.storyboard */,
				E05827FE26574BF30045510E /* Assets.xcassets */,
				E058280026574BF30045510E /* LaunchScreen.storyboard */,
				E058280326574BF30045510E /* Info.plist */,
			);
			path = ChatUIDemo;
			sourceTree = "<group>";
		};
		E058280B26574BF40045510E /* ChatUIDemoTests */ = {
			isa = PBXGroup;
			children = (
				E058280C26574BF40045510E /* ChatUIDemoTests.swift */,
				E058280E26574BF40045510E /* Info.plist */,
			);
			path = ChatUIDemoTests;
			sourceTree = "<group>";
		};
		E058281626574BF40045510E /* ChatUIDemoUITests */ = {
			isa = PBXGroup;
			children = (
				E058281726574BF40045510E /* ChatUIDemoUITests.swift */,
				E058281926574BF40045510E /* Info.plist */,
			);
			path = ChatUIDemoUITests;
			sourceTree = "<group>";
		};
		E0B9D80A266613A1007BCE88 /* TestImage */ = {
			isa = PBXGroup;
			children = (
				E0B9D813266614C9007BCE88 /* asd */,
				E0B9D80B266613A1007BCE88 /* Info.plist */,
			);
			path = TestImage;
			sourceTree = "<group>";
		};
		E0B9D813266614C9007BCE88 /* asd */ = {
			isa = PBXGroup;
			children = (
				E0B9D814266614C9007BCE88 /* logo.png */,
				E0B9D815266614C9007BCE88 /* 营销版.png */,
			);
			path = asd;
			sourceTree = "<group>";
		};
		FC7DF5E3269D3F1500C0B535 /* VoiceConvert */ = {
			isa = PBXGroup;
			children = (
				FC7DF5E4269D3F1500C0B535 /* opencore-amrwb */,
				FC7DF5E7269D3F1500C0B535 /* VoiceConverter.mm */,
				FC7DF5E8269D3F1500C0B535 /* lib */,
				FC7DF5EB269D3F1500C0B535 /* VoiceConverter.h */,
				FC7DF5EC269D3F1500C0B535 /* opencore-amrnb */,
				FC7DF5EF269D3F1500C0B535 /* amrwapper */,
			);
			path = VoiceConvert;
			sourceTree = "<group>";
		};
		FC7DF5E4269D3F1500C0B535 /* opencore-amrwb */ = {
			isa = PBXGroup;
			children = (
				FC7DF5E5269D3F1500C0B535 /* if_rom.h */,
				FC7DF5E6269D3F1500C0B535 /* dec_if.h */,
			);
			path = "opencore-amrwb";
			sourceTree = "<group>";
		};
		FC7DF5E8269D3F1500C0B535 /* lib */ = {
			isa = PBXGroup;
			children = (
				FC7DF5E9269D3F1500C0B535 /* libopencore-amrwb.a */,
				FC7DF5EA269D3F1500C0B535 /* libopencore-amrnb.a */,
			);
			path = lib;
			sourceTree = "<group>";
		};
		FC7DF5EC269D3F1500C0B535 /* opencore-amrnb */ = {
			isa = PBXGroup;
			children = (
				FC7DF5ED269D3F1500C0B535 /* interf_dec.h */,
				FC7DF5EE269D3F1500C0B535 /* interf_enc.h */,
			);
			path = "opencore-amrnb";
			sourceTree = "<group>";
		};
		FC7DF5EF269D3F1500C0B535 /* amrwapper */ = {
			isa = PBXGroup;
			children = (
				FC7DF5F0269D3F1500C0B535 /* wav.mm */,
				FC7DF5F1269D3F1500C0B535 /* amrFileCodec.mm */,
				FC7DF5F2269D3F1500C0B535 /* amrFileCodec.h */,
				FC7DF5F3269D3F1500C0B535 /* wav.h */,
			);
			path = amrwapper;
			sourceTree = "<group>";
		};
		FC7DF5F4269D3F1600C0B535 /* ChatShortVideo */ = {
			isa = PBXGroup;
			children = (
				FC7DF5F5269D3F1600C0B535 /* ChatShortVideoViewController.h */,
				FC7DF5F6269D3F1600C0B535 /* ChatShortAVPlayer.h */,
				FC7DF5F7269D3F1600C0B535 /* ChatShortVideoViewController.m */,
				FC7DF5F8269D3F1600C0B535 /* ChatShortAVPlayer.m */,
			);
			path = ChatShortVideo;
			sourceTree = "<group>";
		};
		FC7DF5F9269D3F1600C0B535 /* ChatExtension */ = {
			isa = PBXGroup;
			children = (
				FC7DF5FA269D3F1600C0B535 /* UIImageView+ChatExtension.h */,
				FC7DF5FB269D3F1600C0B535 /* UIColor+ChatExtension.h */,
				FC7DF5FC269D3F1600C0B535 /* UIImage+ChatExtension.h */,
				FC7DF5FD269D3F1600C0B535 /* NSString+ChatExtension.h */,
				FC7DF5FE269D3F1600C0B535 /* UIView+ChatExtension.h */,
				FC7DF5FF269D3F1600C0B535 /* ChatTool.m */,
				FC7DF600269D3F1600C0B535 /* UIColor+ChatExtension.m */,
				FC7DF601269D3F1600C0B535 /* UIImageView+ChatExtension.m */,
				FC7DF602269D3F1600C0B535 /* ChatTool.h */,
				FC7DF603269D3F1600C0B535 /* UIView+ChatExtension.m */,
				FC7DF604269D3F1600C0B535 /* UIImage+ChatExtension.m */,
				FC7DF605269D3F1600C0B535 /* NSString+ChatExtension.m */,
			);
			path = ChatExtension;
			sourceTree = "<group>";
		};
		FC7DF606269D3F1600C0B535 /* ChatUI */ = {
			isa = PBXGroup;
			children = (
				FC7DF607269D3F1600C0B535 /* Models */,
				FC7DF60E269D3F1600C0B535 /* Cell */,
				FC7DF625269D3F1600C0B535 /* ChatMessageHeader.h */,
				FC7DF626269D3F1600C0B535 /* Controllers */,
				FC7DF62F269D3F1600C0B535 /* Views */,
				FC7DF643269D3F1600C0B535 /* Helper */,
			);
			path = ChatUI;
			sourceTree = "<group>";
		};
		FC7DF607269D3F1600C0B535 /* Models */ = {
			isa = PBXGroup;
			children = (
				FC7DF608269D3F1600C0B535 /* ChatMessage.h */,
				FC7DF609269D3F1600C0B535 /* ChatMessageType.h */,
				FC7DF60A269D3F1600C0B535 /* ChatMessageFrame.h */,
				FC7DF60B269D3F1600C0B535 /* ChatMessageType.m */,
				FC7DF60C269D3F1600C0B535 /* ChatMessage.m */,
				FC7DF60D269D3F1600C0B535 /* ChatMessageFrame.m */,
			);
			path = Models;
			sourceTree = "<group>";
		};
		FC7DF60E269D3F1600C0B535 /* Cell */ = {
			isa = PBXGroup;
			children = (
				FC7DF60F269D3F1600C0B535 /* ChatRedPaperTableViewCell.h */,
				FC7DF610269D3F1600C0B535 /* ChatCardTableViewCell.m */,
				FC7DF611269D3F1600C0B535 /* ChatTextTableViewCell.h */,
				FC7DF612269D3F1600C0B535 /* ChatAudioTableViewCell.h */,
				FC7DF613269D3F1600C0B535 /* ChatLocationTableViewCell.m */,
				FC7DF614269D3F1600C0B535 /* ChatImageTableViewCell.h */,
				FC7DF615269D3F1600C0B535 /* ChatNoteTableViewCell.h */,
				FC7DF616269D3F1600C0B535 /* ChatFileTableViewCell.m */,
				FC7DF617269D3F1600C0B535 /* ChatVideoTableViewCell.m */,
				FC7DF618269D3F1600C0B535 /* ChatMessageTableViewCell.m */,
				FC7DF619269D3F1600C0B535 /* ChatGifTableViewCell.m */,
				FC7DF61A269D3F1600C0B535 /* ChatAudioTableViewCell.m */,
				FC7DF61B269D3F1600C0B535 /* ChatTextTableViewCell.m */,
				FC7DF61C269D3F1600C0B535 /* ChatCardTableViewCell.h */,
				FC7DF61D269D3F1600C0B535 /* ChatRedPaperTableViewCell.m */,
				FC7DF61E269D3F1600C0B535 /* ChatLocationTableViewCell.h */,
				FC7DF61F269D3F1600C0B535 /* ChatNoteTableViewCell.m */,
				FC7DF620269D3F1600C0B535 /* ChatImageTableViewCell.m */,
				FC7DF621269D3F1600C0B535 /* ChatGifTableViewCell.h */,
				FC7DF622269D3F1600C0B535 /* ChatMessageTableViewCell.h */,
				FC7DF623269D3F1600C0B535 /* ChatVideoTableViewCell.h */,
				FC7DF624269D3F1600C0B535 /* ChatFileTableViewCell.h */,
			);
			path = Cell;
			sourceTree = "<group>";
		};
		FC7DF626269D3F1600C0B535 /* Controllers */ = {
			isa = PBXGroup;
			children = (
				FC7DF627269D3F1600C0B535 /* ChatMessageViewController.h */,
				FC7DF628269D3F1600C0B535 /* LocationVC(定位制器) */,
				FC7DF62E269D3F1600C0B535 /* ChatMessageViewController.m */,
			);
			path = Controllers;
			sourceTree = "<group>";
		};
		FC7DF628269D3F1600C0B535 /* LocationVC(定位制器) */ = {
			isa = PBXGroup;
			children = (
				FC7DF629269D3F1600C0B535 /* ChatMessageLocationViewController.m */,
				FC7DF62A269D3F1600C0B535 /* Model */,
				FC7DF62D269D3F1600C0B535 /* ChatMessageLocationViewController.h */,
			);
			path = "LocationVC(定位制器)";
			sourceTree = "<group>";
		};
		FC7DF62A269D3F1600C0B535 /* Model */ = {
			isa = PBXGroup;
			children = (
				FC7DF62B269D3F1600C0B535 /* ChatLocation.h */,
				FC7DF62C269D3F1600C0B535 /* ChatLocation.m */,
			);
			path = Model;
			sourceTree = "<group>";
		};
		FC7DF62F269D3F1600C0B535 /* Views */ = {
			isa = PBXGroup;
			children = (
				FC7DF630269D3F1600C0B535 /* ChatMessageInputView.m */,
				FC7DF631269D3F1600C0B535 /* ChatMenuController.h */,
				FC7DF632269D3F1600C0B535 /* MessageHelperView(语音) */,
				FC7DF635269D3F1600C0B535 /* MessageContentView(消息内容) */,
				FC7DF63C269D3F1600C0B535 /* ChatMenuController.m */,
				FC7DF63D269D3F1600C0B535 /* ChatMessageInputView.h */,
				FC7DF63E269D3F1600C0B535 /* MessageMenuView(多媒体菜单) */,
			);
			path = Views;
			sourceTree = "<group>";
		};
		FC7DF632269D3F1600C0B535 /* MessageHelperView(语音) */ = {
			isa = PBXGroup;
			children = (
				FC7DF633269D3F1600C0B535 /* ChatMessageVoiceHUD.m */,
				FC7DF634269D3F1600C0B535 /* ChatMessageVoiceHUD.h */,
			);
			path = "MessageHelperView(语音)";
			sourceTree = "<group>";
		};
		FC7DF635269D3F1600C0B535 /* MessageContentView(消息内容) */ = {
			isa = PBXGroup;
			children = (
				FC7DF636269D3F1600C0B535 /* MessageTextView.h */,
				FC7DF637269D3F1600C0B535 /* ChatActivityIndicatorView.m */,
				FC7DF638269D3F1600C0B535 /* ChatTextView.h */,
				FC7DF639269D3F1600C0B535 /* MessageTextView.m */,
				FC7DF63A269D3F1600C0B535 /* ChatTextView.m */,
				FC7DF63B269D3F1600C0B535 /* ChatActivityIndicatorView.h */,
			);
			path = "MessageContentView(消息内容)";
			sourceTree = "<group>";
		};
		FC7DF63E269D3F1600C0B535 /* MessageMenuView(多媒体菜单) */ = {
			isa = PBXGroup;
			children = (
				FC7DF63F269D3F1600C0B535 /* ChatShareMenuView.m */,
				FC7DF640269D3F1600C0B535 /* ChatShareMenuItem.m */,
				FC7DF641269D3F1600C0B535 /* ChatShareMenuView.h */,
				FC7DF642269D3F1600C0B535 /* ChatShareMenuItem.h */,
			);
			path = "MessageMenuView(多媒体菜单)";
			sourceTree = "<group>";
		};
		FC7DF643269D3F1600C0B535 /* Helper */ = {
			isa = PBXGroup;
			children = (
				FC7DF644269D3F1600C0B535 /* MessageHelper(消息帮助类) */,
				FC7DF647269D3F1600C0B535 /* AudioHelper(语音帮助类) */,
				FC7DF64C269D3F1600C0B535 /* FileHelper(文件帮助类) */,
			);
			path = Helper;
			sourceTree = "<group>";
		};
		FC7DF644269D3F1600C0B535 /* MessageHelper(消息帮助类) */ = {
			isa = PBXGroup;
			children = (
				FC7DF645269D3F1600C0B535 /* ChatMessageHelper.m */,
				FC7DF646269D3F1600C0B535 /* ChatMessageHelper.h */,
			);
			path = "MessageHelper(消息帮助类)";
			sourceTree = "<group>";
		};
		FC7DF647269D3F1600C0B535 /* AudioHelper(语音帮助类) */ = {
			isa = PBXGroup;
			children = (
				FC7DF648269D3F1600C0B535 /* ChatAudioRecordHelper.h */,
				FC7DF649269D3F1600C0B535 /* ChatAudioPlayerHelper.m */,
				FC7DF64A269D3F1600C0B535 /* ChatAudioRecordHelper.m */,
				FC7DF64B269D3F1600C0B535 /* ChatAudioPlayerHelper.h */,
			);
			path = "AudioHelper(语音帮助类)";
			sourceTree = "<group>";
		};
		FC7DF64C269D3F1600C0B535 /* FileHelper(文件帮助类) */ = {
			isa = PBXGroup;
			children = (
				FC7DF64D269D3F1600C0B535 /* ChatFileHelper.h */,
				FC7DF64E269D3F1600C0B535 /* ChatFileHelper.m */,
			);
			path = "FileHelper(文件帮助类)";
			sourceTree = "<group>";
		};
		FC7DF64F269D3F1600C0B535 /* Tools */ = {
			isa = PBXGroup;
			children = (
				FC7DF650269D3F1600C0B535 /* lame */,
				FC7DF655269D3F1600C0B535 /* NetWorkManager */,
				FC7DF65C269D3F1600C0B535 /* SDPhotoBrowser */,
				FC7DF664269D3F1600C0B535 /* AlertWithInput.swift */,
				FC7DF665269D3F1600C0B535 /* fmdb */,
			);
			path = Tools;
			sourceTree = "<group>";
		};
		FC7DF650269D3F1600C0B535 /* lame */ = {
			isa = PBXGroup;
			children = (
				FC7DF651269D3F1600C0B535 /* AudioWrapper.h */,
				FC7DF652269D3F1600C0B535 /* libmp3lame.a */,
				FC7DF653269D3F1600C0B535 /* lame.h */,
				FC7DF654269D3F1600C0B535 /* AudioWrapper.m */,
			);
			path = lame;
			sourceTree = "<group>";
		};
		FC7DF655269D3F1600C0B535 /* NetWorkManager */ = {
			isa = PBXGroup;
			children = (
				FC7DF656269D3F1600C0B535 /* JsonUtil.swift */,
				FC7DF657269D3F1600C0B535 /* BaseTools.swift */,
				FC7DF658269D3F1600C0B535 /* NetWorkManager.swift */,
				FC7DF659269D3F1600C0B535 /* APIManager.swift */,
				FC7DF65A269D3F1600C0B535 /* IMManager.swift */,
				FC7DF65B269D3F1600C0B535 /* BaseModel.swift */,
			);
			path = NetWorkManager;
			sourceTree = "<group>";
		};
		FC7DF65C269D3F1600C0B535 /* SDPhotoBrowser */ = {
			isa = PBXGroup;
			children = (
				FC7DF65D269D3F1600C0B535 /* SDPhotoBrowserConfig.h */,
				FC7DF65E269D3F1600C0B535 /* SDPhotoBrowser.m */,
				FC7DF65F269D3F1600C0B535 /* SDWaitingView.m */,
				FC7DF660269D3F1600C0B535 /* SDBrowserImageView.m */,
				FC7DF661269D3F1600C0B535 /* SDWaitingView.h */,
				FC7DF662269D3F1600C0B535 /* SDPhotoBrowser.h */,
				FC7DF663269D3F1600C0B535 /* SDBrowserImageView.h */,
			);
			path = SDPhotoBrowser;
			sourceTree = "<group>";
		};
		FC7DF665269D3F1600C0B535 /* fmdb */ = {
			isa = PBXGroup;
			children = (
				FC7DF666269D3F1600C0B535 /* FMDatabase.h */,
				FC7DF667269D3F1600C0B535 /* FMDatabaseQueue.m */,
				FC7DF668269D3F1600C0B535 /* FMResultSet.h */,
				FC7DF669269D3F1600C0B535 /* FMDatabasePool.h */,
				FC7DF66A269D3F1600C0B535 /* FMDatabaseAdditions.m */,
				FC7DF66B269D3F1600C0B535 /* FMDatabase.m */,
				FC7DF66C269D3F1600C0B535 /* FMDatabaseQueue.h */,
				FC7DF66D269D3F1600C0B535 /* FMDB.h */,
				FC7DF66E269D3F1600C0B535 /* FMDatabaseAdditions.h */,
				FC7DF66F269D3F1600C0B535 /* FMDatabasePool.m */,
				FC7DF670269D3F1600C0B535 /* FMResultSet.m */,
			);
			path = fmdb;
			sourceTree = "<group>";
		};
		FC7DF671269D3F1600C0B535 /* ChatModel */ = {
			isa = PBXGroup;
			children = (
				FC7DF672269D3F1600C0B535 /* MessageModel.swift */,
				FC7DF673269D3F1600C0B535 /* ChatListModel.swift */,
				FC7DF674269D3F1600C0B535 /* IMCmdInfo.swift */,
				FC7DF675269D3F1600C0B535 /* SendMessageModel.swift */,
			);
			path = ChatModel;
			sourceTree = "<group>";
		};
		FC7DF676269D3F1600C0B535 /* ChatEmotionKeyboard */ = {
			isa = PBXGroup;
			children = (
				FC7DF677269D3F1600C0B535 /* ChatEmotionKeyboard.m */,
				FC7DF678269D3F1600C0B535 /* ChatEmotionAttachment.m */,
				FC7DF679269D3F1600C0B535 /* ChatEmotionModel.m */,
				FC7DF67A269D3F1600C0B535 /* PictureResources.bundle */,
				FC7DF67B269D3F1600C0B535 /* ChatEmotionTool.h */,
				FC7DF67C269D3F1600C0B535 /* ChatEmotionKeyboard.h */,
				FC7DF67D269D3F1600C0B535 /* ChatEmotionModel.h */,
				FC7DF67E269D3F1600C0B535 /* ChatEmotionAttachment.h */,
				FC7DF67F269D3F1600C0B535 /* ChatEmotionTool.m */,
			);
			path = ChatEmotionKeyboard;
			sourceTree = "<group>";
		};
/* End PBXGroup section */

/* Begin PBXNativeTarget section */
		E05827F126574BF10045510E /* ChatUIDemo */ = {
			isa = PBXNativeTarget;
			buildConfigurationList = E058281C26574BF40045510E /* Build configuration list for PBXNativeTarget "ChatUIDemo" */;
			buildPhases = (
				0A8E7FC4E6E3250BAD5C851E /* [CP] Check Pods Manifest.lock */,
				E05827EE26574BF10045510E /* Sources */,
				E05827EF26574BF10045510E /* Frameworks */,
				E05827F026574BF10045510E /* Resources */,
				0AFCE3D122A26097A5F5E91C /* [CP] Embed Pods Frameworks */,
			);
			buildRules = (
			);
			dependencies = (
			);
			name = ChatUIDemo;
			productName = ChatUIDemo;
			productReference = E05827F226574BF10045510E /* ChatUIDemo.app */;
			productType = "com.apple.product-type.application";
		};
		E058280726574BF40045510E /* ChatUIDemoTests */ = {
			isa = PBXNativeTarget;
			buildConfigurationList = E058281F26574BF40045510E /* Build configuration list for PBXNativeTarget "ChatUIDemoTests" */;
			buildPhases = (
				E058280426574BF40045510E /* Sources */,
				E058280526574BF40045510E /* Frameworks */,
				E058280626574BF40045510E /* Resources */,
			);
			buildRules = (
			);
			dependencies = (
				E058280A26574BF40045510E /* PBXTargetDependency */,
			);
			name = ChatUIDemoTests;
			productName = ChatUIDemoTests;
			productReference = E058280826574BF40045510E /* ChatUIDemoTests.xctest */;
			productType = "com.apple.product-type.bundle.unit-test";
		};
		E058281226574BF40045510E /* ChatUIDemoUITests */ = {
			isa = PBXNativeTarget;
			buildConfigurationList = E058282226574BF40045510E /* Build configuration list for PBXNativeTarget "ChatUIDemoUITests" */;
			buildPhases = (
				E058280F26574BF40045510E /* Sources */,
				E058281026574BF40045510E /* Frameworks */,
				E058281126574BF40045510E /* Resources */,
			);
			buildRules = (
			);
			dependencies = (
				E058281526574BF40045510E /* PBXTargetDependency */,
			);
			name = ChatUIDemoUITests;
			productName = ChatUIDemoUITests;
			productReference = E058281326574BF40045510E /* ChatUIDemoUITests.xctest */;
			productType = "com.apple.product-type.bundle.ui-testing";
		};
/* End PBXNativeTarget section */

/* Begin PBXProject section */
		E05827EA26574BF10045510E /* Project object */ = {
			isa = PBXProject;
			attributes = {
				LastSwiftUpdateCheck = 1230;
				LastUpgradeCheck = 1230;
				TargetAttributes = {
					E05827F126574BF10045510E = {
						CreatedOnToolsVersion = 12.3;
					};
					E058280726574BF40045510E = {
						CreatedOnToolsVersion = 12.3;
						TestTargetID = E05827F126574BF10045510E;
					};
					E058281226574BF40045510E = {
						CreatedOnToolsVersion = 12.3;
						TestTargetID = E05827F126574BF10045510E;
					};
				};
			};
			buildConfigurationList = E05827ED26574BF10045510E /* Build configuration list for PBXProject "ChatUIDemo" */;
			compatibilityVersion = "Xcode 9.3";
			developmentRegion = en;
			hasScannedForEncodings = 0;
			knownRegions = (
				en,
				Base,
			);
			mainGroup = E05827E926574BF10045510E;
			productRefGroup = E05827F326574BF10045510E /* Products */;
			projectDirPath = "";
			projectRoot = "";
			targets = (
				E05827F126574BF10045510E /* ChatUIDemo */,
				E058280726574BF40045510E /* ChatUIDemoTests */,
				E058281226574BF40045510E /* ChatUIDemoUITests */,
			);
		};
/* End PBXProject section */

/* Begin PBXResourcesBuildPhase section */
		E05827F026574BF10045510E /* Resources */ = {
			isa = PBXResourcesBuildPhase;
			buildActionMask = 2147483647;
			files = (
				E058280226574BF30045510E /* LaunchScreen.storyboard in Resources */,
				E05827FF26574BF30045510E /* Assets.xcassets in Resources */,
				FC7DF6C2269D3F1600C0B535 /* PictureResources.bundle in Resources */,
				E05827FD26574BF10045510E /* Main.storyboard in Resources */,
			);
			runOnlyForDeploymentPostprocessing = 0;
		};
		E058280626574BF40045510E /* Resources */ = {
			isa = PBXResourcesBuildPhase;
			buildActionMask = 2147483647;
			files = (
			);
			runOnlyForDeploymentPostprocessing = 0;
		};
		E058281126574BF40045510E /* Resources */ = {
			isa = PBXResourcesBuildPhase;
			buildActionMask = 2147483647;
			files = (
			);
			runOnlyForDeploymentPostprocessing = 0;
		};
/* End PBXResourcesBuildPhase section */

/* Begin PBXShellScriptBuildPhase section */
		0A8E7FC4E6E3250BAD5C851E /* [CP] Check Pods Manifest.lock */ = {
			isa = PBXShellScriptBuildPhase;
			buildActionMask = 2147483647;
			files = (
			);
			inputFileListPaths = (
			);
			inputPaths = (
				"${PODS_PODFILE_DIR_PATH}/Podfile.lock",
				"${PODS_ROOT}/Manifest.lock",
			);
			name = "[CP] Check Pods Manifest.lock";
			outputFileListPaths = (
			);
			outputPaths = (
				"$(DERIVED_FILE_DIR)/Pods-ChatUIDemo-checkManifestLockResult.txt",
			);
			runOnlyForDeploymentPostprocessing = 0;
			shellPath = /bin/sh;
			shellScript = "diff \"${PODS_PODFILE_DIR_PATH}/Podfile.lock\" \"${PODS_ROOT}/Manifest.lock\" > /dev/null\nif [ $? != 0 ] ; then\n    # print error to STDERR\n    echo \"error: The sandbox is not in sync with the Podfile.lock. Run 'pod install' or update your CocoaPods installation.\" >&2\n    exit 1\nfi\n# This output is used by Xcode 'outputs' to avoid re-running this script phase.\necho \"SUCCESS\" > \"${SCRIPT_OUTPUT_FILE_0}\"\n";
			showEnvVarsInLog = 0;
		};
		0AFCE3D122A26097A5F5E91C /* [CP] Embed Pods Frameworks */ = {
			isa = PBXShellScriptBuildPhase;
			buildActionMask = 2147483647;
			files = (
			);
			inputFileListPaths = (
				"${PODS_ROOT}/Target Support Files/Pods-ChatUIDemo/Pods-ChatUIDemo-frameworks-${CONFIGURATION}-input-files.xcfilelist",
			);
			name = "[CP] Embed Pods Frameworks";
			outputFileListPaths = (
				"${PODS_ROOT}/Target Support Files/Pods-ChatUIDemo/Pods-ChatUIDemo-frameworks-${CONFIGURATION}-output-files.xcfilelist",
			);
			runOnlyForDeploymentPostprocessing = 0;
			shellPath = /bin/sh;
			shellScript = "\"${PODS_ROOT}/Target Support Files/Pods-ChatUIDemo/Pods-ChatUIDemo-frameworks.sh\"\n";
			showEnvVarsInLog = 0;
		};
/* End PBXShellScriptBuildPhase section */

/* Begin PBXSourcesBuildPhase section */
		E05827EE26574BF10045510E /* Sources */ = {
			isa = PBXSourcesBuildPhase;
			buildActionMask = 2147483647;
			files = (
				FC7DF698269D3F1600C0B535 /* ChatRedPaperTableViewCell.m in Sources */,
				FC7DF689269D3F1600C0B535 /* UIImageView+ChatExtension.m in Sources */,
				FC7DF68B269D3F1600C0B535 /* UIImage+ChatExtension.m in Sources */,
				FC7DF6AD269D3F1600C0B535 /* BaseTools.swift in Sources */,
				FC7DF6A3269D3F1600C0B535 /* ChatMenuController.m in Sources */,
				FC7DF69C269D3F1600C0B535 /* ChatLocation.m in Sources */,
				FC7DF6A0269D3F1600C0B535 /* ChatActivityIndicatorView.m in Sources */,
				FC7DF690269D3F1600C0B535 /* ChatCardTableViewCell.m in Sources */,
				FC7DF696269D3F1600C0B535 /* ChatAudioTableViewCell.m in Sources */,
				FC7DF697269D3F1600C0B535 /* ChatTextTableViewCell.m in Sources */,
				FC7DF6C1269D3F1600C0B535 /* ChatEmotionModel.m in Sources */,
				FC7DF6A2269D3F1600C0B535 /* ChatTextView.m in Sources */,
				FC7DF68D269D3F1600C0B535 /* ChatMessageType.m in Sources */,
				FC7DF6B5269D3F1600C0B535 /* AlertWithInput.swift in Sources */,
				FC7DF692269D3F1600C0B535 /* ChatFileTableViewCell.m in Sources */,
				FC7DF68A269D3F1600C0B535 /* UIView+ChatExtension.m in Sources */,
				FC7DF6C3269D3F1600C0B535 /* ChatEmotionTool.m in Sources */,
				FC7DF6B2269D3F1600C0B535 /* SDPhotoBrowser.m in Sources */,
				E05827FA26574BF10045510E /* ViewController.swift in Sources */,
				FC7DF6A6269D3F1600C0B535 /* ChatMessageHelper.m in Sources */,
				FC7DF6BE269D3F1600C0B535 /* SendMessageModel.swift in Sources */,
				FC7DF69F269D3F1600C0B535 /* ChatMessageVoiceHUD.m in Sources */,
				FC7DF6B1269D3F1600C0B535 /* BaseModel.swift in Sources */,
				FC7DF6B8269D3F1600C0B535 /* FMDatabase.m in Sources */,
				FC7DF6A1269D3F1600C0B535 /* MessageTextView.m in Sources */,
				FC7DF69D269D3F1600C0B535 /* ChatMessageViewController.m in Sources */,
				FC7DF699269D3F1600C0B535 /* ChatNoteTableViewCell.m in Sources */,
				E05827F626574BF10045510E /* AppDelegate.swift in Sources */,
				FC756536268190030027EDA7 /* SignInViewController.swift in Sources */,
				FC7DF6BF269D3F1600C0B535 /* ChatEmotionKeyboard.m in Sources */,
				FC7DF691269D3F1600C0B535 /* ChatLocationTableViewCell.m in Sources */,
				FC7DF687269D3F1600C0B535 /* ChatTool.m in Sources */,
				FC7DF68E269D3F1600C0B535 /* ChatMessage.m in Sources */,
				FC7DF688269D3F1600C0B535 /* UIColor+ChatExtension.m in Sources */,
				FC7DF6A4269D3F1600C0B535 /* ChatShareMenuView.m in Sources */,
				FC7DF6B4269D3F1600C0B535 /* SDBrowserImageView.m in Sources */,
				E05828F92657529B0045510E /* Config.swift in Sources */,
				FC7DF6AB269D3F1600C0B535 /* AudioWrapper.m in Sources */,
				FC7DF6BB269D3F1600C0B535 /* MessageModel.swift in Sources */,
				FC7DF6AC269D3F1600C0B535 /* JsonUtil.swift in Sources */,
				FC7DF686269D3F1600C0B535 /* ChatShortAVPlayer.m in Sources */,
				FC7DF6A7269D3F1600C0B535 /* ChatAudioPlayerHelper.m in Sources */,
				FC7DF6C0269D3F1600C0B535 /* ChatEmotionAttachment.m in Sources */,
				FC7DF6BC269D3F1600C0B535 /* ChatListModel.swift in Sources */,
				FC7DF6A9269D3F1600C0B535 /* ChatFileHelper.m in Sources */,
				FC7DF685269D3F1600C0B535 /* ChatShortVideoViewController.m in Sources */,
				FC7DF6AF269D3F1600C0B535 /* APIManager.swift in Sources */,
				FC7DF6C5269D3F3A00C0B535 /* SocketChatViewController.swift in Sources */,
				FC7DF6B3269D3F1600C0B535 /* SDWaitingView.m in Sources */,
				FCC172052689743700D5C126 /* UserListTableViewCell.swift in Sources */,
				FC7DF69E269D3F1600C0B535 /* ChatMessageInputView.m in Sources */,
				FC7DF6B9269D3F1600C0B535 /* FMDatabasePool.m in Sources */,
				FC7DF683269D3F1600C0B535 /* wav.mm in Sources */,
				FC7DF6A8269D3F1600C0B535 /* ChatAudioRecordHelper.m in Sources */,
				FC7DF6B6269D3F1600C0B535 /* FMDatabaseQueue.m in Sources */,
				FC7DF6B0269D3F1600C0B535 /* IMManager.swift in Sources */,
				FC7DF68F269D3F1600C0B535 /* ChatMessageFrame.m in Sources */,
				FC7DF6BA269D3F1600C0B535 /* FMResultSet.m in Sources */,
				FC7DF6BD269D3F1600C0B535 /* IMCmdInfo.swift in Sources */,
				FC7DF6A5269D3F1600C0B535 /* ChatShareMenuItem.m in Sources */,
				FC7DF69A269D3F1600C0B535 /* ChatImageTableViewCell.m in Sources */,
				FC7DF68C269D3F1600C0B535 /* NSString+ChatExtension.m in Sources */,
				FC7DF680269D3F1600C0B535 /* VoiceConverter.mm in Sources */,
				FC7DF695269D3F1600C0B535 /* ChatGifTableViewCell.m in Sources */,
				FC7DF694269D3F1600C0B535 /* ChatMessageTableViewCell.m in Sources */,
				FC7DF69B269D3F1600C0B535 /* ChatMessageLocationViewController.m in Sources */,
				FC7DF693269D3F1600C0B535 /* ChatVideoTableViewCell.m in Sources */,
				FC7DF684269D3F1600C0B535 /* amrFileCodec.mm in Sources */,
				FC7DF6AE269D3F1600C0B535 /* NetWorkManager.swift in Sources */,
				FC7DF6B7269D3F1600C0B535 /* FMDatabaseAdditions.m in Sources */,
			);
			runOnlyForDeploymentPostprocessing = 0;
		};
		E058280426574BF40045510E /* Sources */ = {
			isa = PBXSourcesBuildPhase;
			buildActionMask = 2147483647;
			files = (
				E058280D26574BF40045510E /* ChatUIDemoTests.swift in Sources */,
			);
			runOnlyForDeploymentPostprocessing = 0;
		};
		E058280F26574BF40045510E /* Sources */ = {
			isa = PBXSourcesBuildPhase;
			buildActionMask = 2147483647;
			files = (
				E058281826574BF40045510E /* ChatUIDemoUITests.swift in Sources */,
			);
			runOnlyForDeploymentPostprocessing = 0;
		};
/* End PBXSourcesBuildPhase section */

/* Begin PBXTargetDependency section */
		E058280A26574BF40045510E /* PBXTargetDependency */ = {
			isa = PBXTargetDependency;
			target = E05827F126574BF10045510E /* ChatUIDemo */;
			targetProxy = E058280926574BF40045510E /* PBXContainerItemProxy */;
		};
		E058281526574BF40045510E /* PBXTargetDependency */ = {
			isa = PBXTargetDependency;
			target = E05827F126574BF10045510E /* ChatUIDemo */;
			targetProxy = E058281426574BF40045510E /* PBXContainerItemProxy */;
		};
/* End PBXTargetDependency section */

/* Begin PBXVariantGroup section */
		E05827FB26574BF10045510E /* Main.storyboard */ = {
			isa = PBXVariantGroup;
			children = (
				E05827FC26574BF10045510E /* Base */,
			);
			name = Main.storyboard;
			sourceTree = "<group>";
		};
		E058280026574BF30045510E /* LaunchScreen.storyboard */ = {
			isa = PBXVariantGroup;
			children = (
				E058280126574BF30045510E /* Base */,
			);
			name = LaunchScreen.storyboard;
			sourceTree = "<group>";
		};
/* End PBXVariantGroup section */

/* Begin XCBuildConfiguration section */
		E058281A26574BF40045510E /* Debug */ = {
			isa = XCBuildConfiguration;
			buildSettings = {
				ALWAYS_SEARCH_USER_PATHS = NO;
				CLANG_ANALYZER_NONNULL = YES;
				CLANG_ANALYZER_NUMBER_OBJECT_CONVERSION = YES_AGGRESSIVE;
				CLANG_CXX_LANGUAGE_STANDARD = "gnu++14";
				CLANG_CXX_LIBRARY = "libc++";
				CLANG_ENABLE_MODULES = YES;
				CLANG_ENABLE_OBJC_ARC = YES;
				CLANG_ENABLE_OBJC_WEAK = YES;
				CLANG_WARN_BLOCK_CAPTURE_AUTORELEASING = YES;
				CLANG_WARN_BOOL_CONVERSION = YES;
				CLANG_WARN_COMMA = YES;
				CLANG_WARN_CONSTANT_CONVERSION = YES;
				CLANG_WARN_DEPRECATED_OBJC_IMPLEMENTATIONS = YES;
				CLANG_WARN_DIRECT_OBJC_ISA_USAGE = YES_ERROR;
				CLANG_WARN_DOCUMENTATION_COMMENTS = YES;
				CLANG_WARN_EMPTY_BODY = YES;
				CLANG_WARN_ENUM_CONVERSION = YES;
				CLANG_WARN_INFINITE_RECURSION = YES;
				CLANG_WARN_INT_CONVERSION = YES;
				CLANG_WARN_NON_LITERAL_NULL_CONVERSION = YES;
				CLANG_WARN_OBJC_IMPLICIT_RETAIN_SELF = YES;
				CLANG_WARN_OBJC_LITERAL_CONVERSION = YES;
				CLANG_WARN_OBJC_ROOT_CLASS = YES_ERROR;
				CLANG_WARN_QUOTED_INCLUDE_IN_FRAMEWORK_HEADER = YES;
				CLANG_WARN_RANGE_LOOP_ANALYSIS = YES;
				CLANG_WARN_STRICT_PROTOTYPES = YES;
				CLANG_WARN_SUSPICIOUS_MOVE = YES;
				CLANG_WARN_UNGUARDED_AVAILABILITY = YES_AGGRESSIVE;
				CLANG_WARN_UNREACHABLE_CODE = YES;
				CLANG_WARN__DUPLICATE_METHOD_MATCH = YES;
				COPY_PHASE_STRIP = NO;
				DEBUG_INFORMATION_FORMAT = dwarf;
				ENABLE_STRICT_OBJC_MSGSEND = YES;
				ENABLE_TESTABILITY = YES;
				GCC_C_LANGUAGE_STANDARD = gnu11;
				GCC_DYNAMIC_NO_PIC = NO;
				GCC_NO_COMMON_BLOCKS = YES;
				GCC_OPTIMIZATION_LEVEL = 0;
				GCC_PREPROCESSOR_DEFINITIONS = (
					"DEBUG=1",
					"$(inherited)",
				);
				GCC_WARN_64_TO_32_BIT_CONVERSION = YES;
				GCC_WARN_ABOUT_RETURN_TYPE = YES_ERROR;
				GCC_WARN_UNDECLARED_SELECTOR = YES;
				GCC_WARN_UNINITIALIZED_AUTOS = YES_AGGRESSIVE;
				GCC_WARN_UNUSED_FUNCTION = YES;
				GCC_WARN_UNUSED_VARIABLE = YES;
				IPHONEOS_DEPLOYMENT_TARGET = 14.3;
				MTL_ENABLE_DEBUG_INFO = INCLUDE_SOURCE;
				MTL_FAST_MATH = YES;
				ONLY_ACTIVE_ARCH = YES;
				SDKROOT = iphoneos;
				SWIFT_ACTIVE_COMPILATION_CONDITIONS = DEBUG;
				SWIFT_OPTIMIZATION_LEVEL = "-Onone";
			};
			name = Debug;
		};
		E058281B26574BF40045510E /* Release */ = {
			isa = XCBuildConfiguration;
			buildSettings = {
				ALWAYS_SEARCH_USER_PATHS = NO;
				CLANG_ANALYZER_NONNULL = YES;
				CLANG_ANALYZER_NUMBER_OBJECT_CONVERSION = YES_AGGRESSIVE;
				CLANG_CXX_LANGUAGE_STANDARD = "gnu++14";
				CLANG_CXX_LIBRARY = "libc++";
				CLANG_ENABLE_MODULES = YES;
				CLANG_ENABLE_OBJC_ARC = YES;
				CLANG_ENABLE_OBJC_WEAK = YES;
				CLANG_WARN_BLOCK_CAPTURE_AUTORELEASING = YES;
				CLANG_WARN_BOOL_CONVERSION = YES;
				CLANG_WARN_COMMA = YES;
				CLANG_WARN_CONSTANT_CONVERSION = YES;
				CLANG_WARN_DEPRECATED_OBJC_IMPLEMENTATIONS = YES;
				CLANG_WARN_DIRECT_OBJC_ISA_USAGE = YES_ERROR;
				CLANG_WARN_DOCUMENTATION_COMMENTS = YES;
				CLANG_WARN_EMPTY_BODY = YES;
				CLANG_WARN_ENUM_CONVERSION = YES;
				CLANG_WARN_INFINITE_RECURSION = YES;
				CLANG_WARN_INT_CONVERSION = YES;
				CLANG_WARN_NON_LITERAL_NULL_CONVERSION = YES;
				CLANG_WARN_OBJC_IMPLICIT_RETAIN_SELF = YES;
				CLANG_WARN_OBJC_LITERAL_CONVERSION = YES;
				CLANG_WARN_OBJC_ROOT_CLASS = YES_ERROR;
				CLANG_WARN_QUOTED_INCLUDE_IN_FRAMEWORK_HEADER = YES;
				CLANG_WARN_RANGE_LOOP_ANALYSIS = YES;
				CLANG_WARN_STRICT_PROTOTYPES = YES;
				CLANG_WARN_SUSPICIOUS_MOVE = YES;
				CLANG_WARN_UNGUARDED_AVAILABILITY = YES_AGGRESSIVE;
				CLANG_WARN_UNREACHABLE_CODE = YES;
				CLANG_WARN__DUPLICATE_METHOD_MATCH = YES;
				COPY_PHASE_STRIP = NO;
				DEBUG_INFORMATION_FORMAT = "dwarf-with-dsym";
				ENABLE_NS_ASSERTIONS = NO;
				ENABLE_STRICT_OBJC_MSGSEND = YES;
				GCC_C_LANGUAGE_STANDARD = gnu11;
				GCC_NO_COMMON_BLOCKS = YES;
				GCC_WARN_64_TO_32_BIT_CONVERSION = YES;
				GCC_WARN_ABOUT_RETURN_TYPE = YES_ERROR;
				GCC_WARN_UNDECLARED_SELECTOR = YES;
				GCC_WARN_UNINITIALIZED_AUTOS = YES_AGGRESSIVE;
				GCC_WARN_UNUSED_FUNCTION = YES;
				GCC_WARN_UNUSED_VARIABLE = YES;
				IPHONEOS_DEPLOYMENT_TARGET = 14.3;
				MTL_ENABLE_DEBUG_INFO = NO;
				MTL_FAST_MATH = YES;
				SDKROOT = iphoneos;
				SWIFT_COMPILATION_MODE = wholemodule;
				SWIFT_OPTIMIZATION_LEVEL = "-O";
				VALIDATE_PRODUCT = YES;
			};
			name = Release;
		};
		E058281D26574BF40045510E /* Debug */ = {
			isa = XCBuildConfiguration;
			baseConfigurationReference = 6E9A834F2751D1A90F3E1E34 /* Pods-ChatUIDemo.debug.xcconfig */;
			buildSettings = {
				ASSETCATALOG_COMPILER_APPICON_NAME = AppIcon;
				ASSETCATALOG_COMPILER_GLOBAL_ACCENT_COLOR_NAME = AccentColor;
				CODE_SIGN_STYLE = Automatic;
				DEVELOPMENT_TEAM = 3YF9H349G2;
				ENABLE_BITCODE = NO;
				INFOPLIST_FILE = ChatUIDemo/Info.plist;
				IPHONEOS_DEPLOYMENT_TARGET = 10.0;
				LD_RUNPATH_SEARCH_PATHS = (
					"$(inherited)",
					"@executable_path/Frameworks",
				);
				LIBRARY_SEARCH_PATHS = (
					"$(inherited)",
					"$(PROJECT_DIR)/ChatUIDemo/VoiceConvert/lib",
					"$(PROJECT_DIR)/ChatUIDemo/lame",
					"$(PROJECT_DIR)/ChatUIDemo/Tools/lame",
				);
				OTHER_LDFLAGS = (
					"-w",
					"$(inherited)",
				);
				PRODUCT_BUNDLE_IDENTIFIER = com.youdro.ChatUIDemo;
				PRODUCT_NAME = "$(TARGET_NAME)";
				SWIFT_ENABLE_BATCH_MODE = NO;
				SWIFT_OBJC_BRIDGING_HEADER = "$(SRCROOT)/ChatUIDemo/SwiftChatUI-Bridging-Header.h";
				SWIFT_VERSION = 5.0;
				TARGETED_DEVICE_FAMILY = "1,2";
			};
			name = Debug;
		};
		E058281E26574BF40045510E /* Release */ = {
			isa = XCBuildConfiguration;
			baseConfigurationReference = 29A9F409BFE0C5E234B7E3D1 /* Pods-ChatUIDemo.release.xcconfig */;
			buildSettings = {
				ASSETCATALOG_COMPILER_APPICON_NAME = AppIcon;
				ASSETCATALOG_COMPILER_GLOBAL_ACCENT_COLOR_NAME = AccentColor;
				CODE_SIGN_STYLE = Automatic;
				DEVELOPMENT_TEAM = 3YF9H349G2;
				ENABLE_BITCODE = NO;
				INFOPLIST_FILE = ChatUIDemo/Info.plist;
				IPHONEOS_DEPLOYMENT_TARGET = 10.0;
				LD_RUNPATH_SEARCH_PATHS = (
					"$(inherited)",
					"@executable_path/Frameworks",
				);
				LIBRARY_SEARCH_PATHS = (
					"$(inherited)",
					"$(PROJECT_DIR)/ChatUIDemo/VoiceConvert/lib",
					"$(PROJECT_DIR)/ChatUIDemo/lame",
					"$(PROJECT_DIR)/ChatUIDemo/Tools/lame",
				);
				OTHER_LDFLAGS = (
					"-w",
					"$(inherited)",
				);
				PRODUCT_BUNDLE_IDENTIFIER = com.youdro.ChatUIDemo;
				PRODUCT_NAME = "$(TARGET_NAME)";
				SWIFT_ENABLE_BATCH_MODE = NO;
				SWIFT_OBJC_BRIDGING_HEADER = "$(SRCROOT)/ChatUIDemo/SwiftChatUI-Bridging-Header.h";
				SWIFT_VERSION = 5.0;
				TARGETED_DEVICE_FAMILY = "1,2";
			};
			name = Release;
		};
		E058282026574BF40045510E /* Debug */ = {
			isa = XCBuildConfiguration;
			buildSettings = {
				ALWAYS_EMBED_SWIFT_STANDARD_LIBRARIES = YES;
				BUNDLE_LOADER = "$(TEST_HOST)";
				CODE_SIGN_STYLE = Automatic;
				DEVELOPMENT_TEAM = 3YF9H349G2;
				INFOPLIST_FILE = ChatUIDemoTests/Info.plist;
				IPHONEOS_DEPLOYMENT_TARGET = 14.3;
				LD_RUNPATH_SEARCH_PATHS = (
					"$(inherited)",
					"@executable_path/Frameworks",
					"@loader_path/Frameworks",
				);
				PRODUCT_BUNDLE_IDENTIFIER = com.youdro.ChatUIDemoTests;
				PRODUCT_NAME = "$(TARGET_NAME)";
				SWIFT_VERSION = 5.0;
				TARGETED_DEVICE_FAMILY = "1,2";
				TEST_HOST = "$(BUILT_PRODUCTS_DIR)/ChatUIDemo.app/ChatUIDemo";
			};
			name = Debug;
		};
		E058282126574BF40045510E /* Release */ = {
			isa = XCBuildConfiguration;
			buildSettings = {
				ALWAYS_EMBED_SWIFT_STANDARD_LIBRARIES = YES;
				BUNDLE_LOADER = "$(TEST_HOST)";
				CODE_SIGN_STYLE = Automatic;
				DEVELOPMENT_TEAM = 3YF9H349G2;
				INFOPLIST_FILE = ChatUIDemoTests/Info.plist;
				IPHONEOS_DEPLOYMENT_TARGET = 14.3;
				LD_RUNPATH_SEARCH_PATHS = (
					"$(inherited)",
					"@executable_path/Frameworks",
					"@loader_path/Frameworks",
				);
				PRODUCT_BUNDLE_IDENTIFIER = com.youdro.ChatUIDemoTests;
				PRODUCT_NAME = "$(TARGET_NAME)";
				SWIFT_VERSION = 5.0;
				TARGETED_DEVICE_FAMILY = "1,2";
				TEST_HOST = "$(BUILT_PRODUCTS_DIR)/ChatUIDemo.app/ChatUIDemo";
			};
			name = Release;
		};
		E058282326574BF40045510E /* Debug */ = {
			isa = XCBuildConfiguration;
			buildSettings = {
				ALWAYS_EMBED_SWIFT_STANDARD_LIBRARIES = YES;
				CODE_SIGN_STYLE = Automatic;
				DEVELOPMENT_TEAM = 3YF9H349G2;
				INFOPLIST_FILE = ChatUIDemoUITests/Info.plist;
				LD_RUNPATH_SEARCH_PATHS = (
					"$(inherited)",
					"@executable_path/Frameworks",
					"@loader_path/Frameworks",
				);
				PRODUCT_BUNDLE_IDENTIFIER = com.youdro.ChatUIDemoUITests;
				PRODUCT_NAME = "$(TARGET_NAME)";
				SWIFT_VERSION = 5.0;
				TARGETED_DEVICE_FAMILY = "1,2";
				TEST_TARGET_NAME = ChatUIDemo;
			};
			name = Debug;
		};
		E058282426574BF40045510E /* Release */ = {
			isa = XCBuildConfiguration;
			buildSettings = {
				ALWAYS_EMBED_SWIFT_STANDARD_LIBRARIES = YES;
				CODE_SIGN_STYLE = Automatic;
				DEVELOPMENT_TEAM = 3YF9H349G2;
				INFOPLIST_FILE = ChatUIDemoUITests/Info.plist;
				LD_RUNPATH_SEARCH_PATHS = (
					"$(inherited)",
					"@executable_path/Frameworks",
					"@loader_path/Frameworks",
				);
				PRODUCT_BUNDLE_IDENTIFIER = com.youdro.ChatUIDemoUITests;
				PRODUCT_NAME = "$(TARGET_NAME)";
				SWIFT_VERSION = 5.0;
				TARGETED_DEVICE_FAMILY = "1,2";
				TEST_TARGET_NAME = ChatUIDemo;
			};
			name = Release;
		};
/* End XCBuildConfiguration section */

/* Begin XCConfigurationList section */
		E05827ED26574BF10045510E /* Build configuration list for PBXProject "ChatUIDemo" */ = {
			isa = XCConfigurationList;
			buildConfigurations = (
				E058281A26574BF40045510E /* Debug */,
				E058281B26574BF40045510E /* Release */,
			);
			defaultConfigurationIsVisible = 0;
			defaultConfigurationName = Release;
		};
		E058281C26574BF40045510E /* Build configuration list for PBXNativeTarget "ChatUIDemo" */ = {
			isa = XCConfigurationList;
			buildConfigurations = (
				E058281D26574BF40045510E /* Debug */,
				E058281E26574BF40045510E /* Release */,
			);
			defaultConfigurationIsVisible = 0;
			defaultConfigurationName = Release;
		};
		E058281F26574BF40045510E /* Build configuration list for PBXNativeTarget "ChatUIDemoTests" */ = {
			isa = XCConfigurationList;
			buildConfigurations = (
				E058282026574BF40045510E /* Debug */,
				E058282126574BF40045510E /* Release */,
			);
			defaultConfigurationIsVisible = 0;
			defaultConfigurationName = Release;
		};
		E058282226574BF40045510E /* Build configuration list for PBXNativeTarget "ChatUIDemoUITests" */ = {
			isa = XCConfigurationList;
			buildConfigurations = (
				E058282326574BF40045510E /* Debug */,
				E058282426574BF40045510E /* Release */,
			);
			defaultConfigurationIsVisible = 0;
			defaultConfigurationName = Release;
		};
/* End XCConfigurationList section */
	};
	rootObject = E05827EA26574BF10045510E /* Project object */;
}
